// !$*UTF8*$!
{
	archiveVersion = 1;
	classes = {
	};
	objectVersion = 46;
	objects = {

/* Begin PBXBuildFile section */
		78962E521AE0EE2E00746DBE /* main.m in Sources */ = {isa = PBXBuildFile; fileRef = 78962E511AE0EE2E00746DBE /* main.m */; };
		78962E5A1AE0EE5500746DBE /* Student.m in Sources */ = {isa = PBXBuildFile; fileRef = 78962E591AE0EE5500746DBE /* Student.m */; };
		78962E5D1AE0EE6200746DBE /* Person.m in Sources */ = {isa = PBXBuildFile; fileRef = 78962E5C1AE0EE6200746DBE /* Person.m */; };
/* End PBXBuildFile section */

/* Begin PBXCopyFilesBuildPhase section */
		78962E4C1AE0EE2E00746DBE /* CopyFiles */ = {
			isa = PBXCopyFilesBuildPhase;
			buildActionMask = 2147483647;
			dstPath = /usr/share/man/man1/;
			dstSubfolderSpec = 0;
			files = (
			);
			runOnlyForDeploymentPostprocessing = 1;
		};
/* End PBXCopyFilesBuildPhase section */

/* Begin PBXFileReference section */
		78962E4E1AE0EE2E00746DBE /* NSObject */ = {isa = PBXFileReference; explicitFileType = "compiled.mach-o.executable"; includeInIndex = 0; path = NSObject; sourceTree = BUILT_PRODUCTS_DIR; };
		78962E511AE0EE2E00746DBE /* main.m */ = {isa = PBXFileReference; lastKnownFileType = sourcecode.c.objc; path = main.m; sourceTree = "<group>"; };
		78962E581AE0EE5500746DBE /* Student.h */ = {isa = PBXFileReference; fileEncoding = 4; lastKnownFileType = sourcecode.c.h; path = Student.h; sourceTree = "<group>"; };
		78962E591AE0EE5500746DBE /* Student.m */ = {isa = PBXFileReference; fileEncoding = 4; lastKnownFileType = sourcecode.c.objc; path = Student.m; sourceTree = "<group>"; };
		78962E5B1AE0EE6200746DBE /* Person.h */ = {isa = PBXFileReference; fileEncoding = 4; lastKnownFileType = sourcecode.c.h; path = Person.h; sourceTree = "<group>"; };
		78962E5C1AE0EE6200746DBE /* Person.m */ = {isa = PBXFileReference; fileEncoding = 4; lastKnownFileType = sourcecode.c.objc; path = Person.m; sourceTree = "<group>"; };
/* End PBXFileReference section */

/* Begin PBXFrameworksBuildPhase section */
		78962E4B1AE0EE2E00746DBE /* Frameworks */ = {
			isa = PBXFrameworksBuildPhase;
			buildActionMask = 2147483647;
			files = (
			);
			runOnlyForDeploymentPostprocessing = 0;
		};
/* End PBXFrameworksBuildPhase section */

/* Begin PBXGroup section */
		78962E451AE0EE2E00746DBE = {
			isa = PBXGroup;
			children = (
				78962E501AE0EE2E00746DBE /* NSObject */,
				78962E4F1AE0EE2E00746DBE /* Products */,
			);
			sourceTree = "<group>";
		};
		78962E4F1AE0EE2E00746DBE /* Products */ = {
			isa = PBXGroup;
			children = (
				78962E4E1AE0EE2E00746DBE /* NSObject */,
			);
			name = Products;
			sourceTree = "<group>";
		};
		78962E501AE0EE2E00746DBE /* NSObject */ = {
			isa = PBXGroup;
			children = (
				78962E511AE0EE2E00746DBE /* main.m */,
				78962E581AE0EE5500746DBE /* Student.h */,
				78962E591AE0EE5500746DBE /* Student.m */,
				78962E5B1AE0EE6200746DBE /* Person.h */,
				78962E5C1AE0EE6200746DBE /* Person.m */,
			);
			path = NSObject;
			sourceTree = "<group>";
		};
/* End PBXGroup section */

/* Begin PBXNativeTarget section */
		78962E4D1AE0EE2E00746DBE /* NSObject */ = {
			isa = PBXNativeTarget;
			buildConfigurationList = 78962E551AE0EE2E00746DBE /* Build configuration list for PBXNativeTarget "NSObject" */;
			buildPhases = (
				78962E4A1AE0EE2E00746DBE /* Sources */,
				78962E4B1AE0EE2E00746DBE /* Frameworks */,
				78962E4C1AE0EE2E00746DBE /* CopyFiles */,
			);
			buildRules = (
			);
			dependencies = (
			);
			name = NSObject;
			productName = NSObject;
			productReference = 78962E4E1AE0EE2E00746DBE /* NSObject */;
			productType = "com.apple.product-type.tool";
		};
/* End PBXNativeTarget section */

/* Begin PBXProject section */
		78962E461AE0EE2E00746DBE /* Project object */ = {
			isa = PBXProject;
			attributes = {
				LastUpgradeCheck = 0620;
				ORGANIZATIONNAME = pcbeta;
				TargetAttributes = {
					78962E4D1AE0EE2E00746DBE = {
						CreatedOnToolsVersion = 6.2;
					};
				};
			};
			buildConfigurationList = 78962E491AE0EE2E00746DBE /* Build configuration list for PBXProject "NSObject" */;
			compatibilityVersion = "Xcode 3.2";
			developmentRegion = English;
			hasScannedForEncodings = 0;
			knownRegions = (
				en,
			);
			mainGroup = 78962E451AE0EE2E00746DBE;
			productRefGroup = 78962E4F1AE0EE2E00746DBE /* Products */;
			projectDirPath = "";
			projectRoot = "";
			targets = (
				78962E4D1AE0EE2E00746DBE /* NSObject */,
			);
		};
/* End PBXProject section */

/* Begin PBXSourcesBuildPhase section */
		78962E4A1AE0EE2E00746DBE /* Sources */ = {
			isa = PBXSourcesBuildPhase;
			buildActionMask = 2147483647;
			files = (
				78962E5D1AE0EE6200746DBE /* Person.m in Sources */,
				78962E521AE0EE2E00746DBE /* main.m in Sources */,
				78962E5A1AE0EE5500746DBE /* Student.m in Sources */,
			);
			runOnlyForDeploymentPostprocessing = 0;
		};
/* End PBXSourcesBuildPhase section */

/* Begin XCBuildConfiguration section */
		78962E531AE0EE2E00746DBE /* Debug */ = {
			isa = XCBuildConfiguration;
			buildSettings = {
				ALWAYS_SEARCH_USER_PATHS = NO;
				CLANG_CXX_LANGUAGE_STANDARD = "gnu++0x";
				CLANG_CXX_LIBRARY = "libc++";
				CLANG_ENABLE_MODULES = YES;
				CLANG_ENABLE_OBJC_ARC = YES;
				CLANG_WARN_BOOL_CONVERSION = YES;
				CLANG_WARN_CONSTANT_CONVERSION = YES;
				CLANG_WARN_DIRECT_OBJC_ISA_USAGE = YES_ERROR;
				CLANG_WARN_EMPTY_BODY = YES;
				CLANG_WARN_ENUM_CONVERSION = YES;
				CLANG_WARN_INT_CONVERSION = YES;
				CLANG_WARN_OBJC_ROOT_CLASS = YES_ERROR;
				CLANG_WARN_UNREACHABLE_CODE = YES;
				CLANG_WARN__DUPLICATE_METHOD_MATCH = YES;
				COPY_PHASE_STRIP = NO;
				ENABLE_STRICT_OBJC_MSGSEND = YES;
				GCC_C_LANGUAGE_STANDARD = gnu99;
				GCC_DYNAMIC_NO_PIC = NO;
				GCC_OPTIMIZATION_LEVEL = 0;
				GCC_PREPROCESSOR_DEFINITIONS = (
					"DEBUG=1",
					"$(inherited)",
				);
				GCC_SYMBOLS_PRIVATE_EXTERN = NO;
				GCC_WARN_64_TO_32_BIT_CONVERSION = YES;
				GCC_WARN_ABOUT_RETURN_TYPE = YES_ERROR;
				GCC_WARN_UNDECLARED_SELECTOR = YES;
				GCC_WARN_UNINITIALIZED_AUTOS = YES_AGGRESSIVE;
				GCC_WARN_UNUSED_FUNCTION = YES;
				GCC_WARN_UNUSED_VARIABLE = YES;
				MACOSX_DEPLOYMENT_TARGET = 10.9;
				MTL_ENABLE_DEBUG_INFO = YES;
				ONLY_ACTIVE_ARCH = YES;
				SDKROOT = macosx;
			};
			name = Debug;
		};
		78962E541AE0EE2E00746DBE /* Release */ = {
			isa = XCBuildConfiguration;
			buildSettings = {
				ALWAYS_SEARCH_USER_PATHS = NO;
				CLANG_CXX_LANGUAGE_STANDARD = "gnu++0x";
				CLANG_CXX_LIBRARY = "libc++";
				CLANG_ENABLE_MODULES = YES;
				CLANG_ENABLE_OBJC_ARC = YES;
				CLANG_WARN_BOOL_CONVERSION = YES;
				CLANG_WARN_CONSTANT_CONVERSION = YES;
				CLANG_WARN_DIRECT_OBJC_ISA_USAGE = YES_ERROR;
				CLANG_WARN_EMPTY_BODY = YES;
				CLANG_WARN_ENUM_CONVERSION = YES;
				CLANG_WARN_INT_CONVERSION = YES;
				CLANG_WARN_OBJC_ROOT_CLASS = YES_ERROR;
				CLANG_WARN_UNREACHABLE_CODE = YES;
				CLANG_WARN__DUPLICATE_METHOD_MATCH = YES;
				COPY_PHASE_STRIP = NO;
				DEBUG_INFORMATION_FORMAT = "dwarf-with-dsym";
				ENABLE_NS_ASSERTIONS = NO;
				ENABLE_STRICT_OBJC_MSGSEND = YES;
				GCC_C_LANGUAGE_STANDARD = gnu99;
				GCC_WARN_64_TO_32_BIT_CONVERSION = YES;
				GCC_WARN_ABOUT_RETURN_TYPE = YES_ERROR;
				GCC_WARN_UNDECLARED_SELECTOR = YES;
				GCC_WARN_UNINITIALIZED_AUTOS = YES_AGGRESSIVE;
				GCC_WARN_UNUSED_FUNCTION = YES;
				GCC_WARN_UNUSED_VARIABLE = YES;
				MACOSX_DEPLOYMENT_TARGET = 10.9;
				MTL_ENABLE_DEBUG_INFO = NO;
				SDKROOT = macosx;
			};
			name = Release;
		};
		78962E561AE0EE2E00746DBE /* Debug */ = {
			isa = XCBuildConfiguration;
			buildSettings = {
				PRODUCT_NAME = "$(TARGET_NAME)";
			};
			name = Debug;
		};
		78962E571AE0EE2E00746DBE /* Release */ = {
			isa = XCBuildConfiguration;
			buildSettings = {
				PRODUCT_NAME = "$(TARGET_NAME)";
			};
			name = Release;
		};
/* End XCBuildConfiguration section */

/* Begin XCConfigurationList section */
		78962E491AE0EE2E00746DBE /* Build configuration list for PBXProject "NSObject" */ = {
			isa = XCConfigurationList;
			buildConfigurations = (
				78962E531AE0EE2E00746DBE /* Debug */,
				78962E541AE0EE2E00746DBE /* Release */,
			);
			defaultConfigurationIsVisible = 0;
			defaultConfigurationName = Release;
		};
		78962E551AE0EE2E00746DBE /* Build configuration list for PBXNativeTarget "NSObject" */ = {
			isa = XCConfigurationList;
			buildConfigurations = (
				78962E561AE0EE2E00746DBE /* Debug */,
				78962E571AE0EE2E00746DBE /* Release */,
			);
			defaultConfigurationIsVisible = 0;
		};
/* End XCConfigurationList section */
	};
	rootObject = 78962E461AE0EE2E00746DBE /* Project object */;
}
