// !$*UTF8*$!
{
	archiveVersion = 1;
	classes = {
	};
	objectVersion = 46;
	objects = {

/* Begin PBXBuildFile section */
		78762B4E1ADE4416000E538B /* main.m in Sources */ = {isa = PBXBuildFile; fileRef = 78762B4D1ADE4416000E538B /* main.m */; };
		78E92DBC1ADE526D00DC8222 /* Student.m in Sources */ = {isa = PBXBuildFile; fileRef = 78E92DBB1ADE526D00DC8222 /* Student.m */; };
/* End PBXBuildFile section */

/* Begin PBXCopyFilesBuildPhase section */
		78762B481ADE4416000E538B /* CopyFiles */ = {
			isa = PBXCopyFilesBuildPhase;
			buildActionMask = 2147483647;
			dstPath = /usr/share/man/man1/;
			dstSubfolderSpec = 0;
			files = (
			);
			runOnlyForDeploymentPostprocessing = 1;
		};
/* End PBXCopyFilesBuildPhase section */

/* Begin PBXFileReference section */
		78762B4A1ADE4416000E538B /* NSAarray */ = {isa = PBXFileReference; explicitFileType = "compiled.mach-o.executable"; includeInIndex = 0; path = NSAarray; sourceTree = BUILT_PRODUCTS_DIR; };
		78762B4D1ADE4416000E538B /* main.m */ = {isa = PBXFileReference; lastKnownFileType = sourcecode.c.objc; path = main.m; sourceTree = "<group>"; };
		78E92DBA1ADE526D00DC8222 /* Student.h */ = {isa = PBXFileReference; fileEncoding = 4; lastKnownFileType = sourcecode.c.h; path = Student.h; sourceTree = "<group>"; };
		78E92DBB1ADE526D00DC8222 /* Student.m */ = {isa = PBXFileReference; fileEncoding = 4; lastKnownFileType = sourcecode.c.objc; path = Student.m; sourceTree = "<group>"; };
/* End PBXFileReference section */

/* Begin PBXFrameworksBuildPhase section */
		78762B471ADE4416000E538B /* Frameworks */ = {
			isa = PBXFrameworksBuildPhase;
			buildActionMask = 2147483647;
			files = (
			);
			runOnlyForDeploymentPostprocessing = 0;
		};
/* End PBXFrameworksBuildPhase section */

/* Begin PBXGroup section */
		78762B411ADE4416000E538B = {
			isa = PBXGroup;
			children = (
				78762B4C1ADE4416000E538B /* NSAarray */,
				78762B4B1ADE4416000E538B /* Products */,
			);
			sourceTree = "<group>";
		};
		78762B4B1ADE4416000E538B /* Products */ = {
			isa = PBXGroup;
			children = (
				78762B4A1ADE4416000E538B /* NSAarray */,
			);
			name = Products;
			sourceTree = "<group>";
		};
		78762B4C1ADE4416000E538B /* NSAarray */ = {
			isa = PBXGroup;
			children = (
				78762B4D1ADE4416000E538B /* main.m */,
				78E92DBA1ADE526D00DC8222 /* Student.h */,
				78E92DBB1ADE526D00DC8222 /* Student.m */,
			);
			path = NSAarray;
			sourceTree = "<group>";
		};
/* End PBXGroup section */

/* Begin PBXNativeTarget section */
		78762B491ADE4416000E538B /* NSAarray */ = {
			isa = PBXNativeTarget;
			buildConfigurationList = 78762B511ADE4416000E538B /* Build configuration list for PBXNativeTarget "NSAarray" */;
			buildPhases = (
				78762B461ADE4416000E538B /* Sources */,
				78762B471ADE4416000E538B /* Frameworks */,
				78762B481ADE4416000E538B /* CopyFiles */,
			);
			buildRules = (
			);
			dependencies = (
			);
			name = NSAarray;
			productName = NSAarray;
			productReference = 78762B4A1ADE4416000E538B /* NSAarray */;
			productType = "com.apple.product-type.tool";
		};
/* End PBXNativeTarget section */

/* Begin PBXProject section */
		78762B421ADE4416000E538B /* Project object */ = {
			isa = PBXProject;
			attributes = {
				LastUpgradeCheck = 0620;
				ORGANIZATIONNAME = pcbeta;
				TargetAttributes = {
					78762B491ADE4416000E538B = {
						CreatedOnToolsVersion = 6.2;
					};
				};
			};
			buildConfigurationList = 78762B451ADE4416000E538B /* Build configuration list for PBXProject "NSAarray" */;
			compatibilityVersion = "Xcode 3.2";
			developmentRegion = English;
			hasScannedForEncodings = 0;
			knownRegions = (
				en,
			);
			mainGroup = 78762B411ADE4416000E538B;
			productRefGroup = 78762B4B1ADE4416000E538B /* Products */;
			projectDirPath = "";
			projectRoot = "";
			targets = (
				78762B491ADE4416000E538B /* NSAarray */,
			);
		};
/* End PBXProject section */

/* Begin PBXSourcesBuildPhase section */
		78762B461ADE4416000E538B /* Sources */ = {
			isa = PBXSourcesBuildPhase;
			buildActionMask = 2147483647;
			files = (
				78762B4E1ADE4416000E538B /* main.m in Sources */,
				78E92DBC1ADE526D00DC8222 /* Student.m in Sources */,
			);
			runOnlyForDeploymentPostprocessing = 0;
		};
/* End PBXSourcesBuildPhase section */

/* Begin XCBuildConfiguration section */
		78762B4F1ADE4416000E538B /* Debug */ = {
			isa = XCBuildConfiguration;
			buildSettings = {
				ALWAYS_SEARCH_USER_PATHS = NO;
				CLANG_CXX_LANGUAGE_STANDARD = "gnu++0x";
				CLANG_CXX_LIBRARY = "libc++";
				CLANG_ENABLE_MODULES = YES;
				CLANG_ENABLE_OBJC_ARC = YES;
				CLANG_WARN_BOOL_CONVERSION = YES;
				CLANG_WARN_CONSTANT_CONVERSION = YES;
				CLANG_WARN_DIRECT_OBJC_ISA_USAGE = YES_ERROR;
				CLANG_WARN_EMPTY_BODY = YES;
				CLANG_WARN_ENUM_CONVERSION = YES;
				CLANG_WARN_INT_CONVERSION = YES;
				CLANG_WARN_OBJC_ROOT_CLASS = YES_ERROR;
				CLANG_WARN_UNREACHABLE_CODE = YES;
				CLANG_WARN__DUPLICATE_METHOD_MATCH = YES;
				COPY_PHASE_STRIP = NO;
				ENABLE_STRICT_OBJC_MSGSEND = YES;
				GCC_C_LANGUAGE_STANDARD = gnu99;
				GCC_DYNAMIC_NO_PIC = NO;
				GCC_OPTIMIZATION_LEVEL = 0;
				GCC_PREPROCESSOR_DEFINITIONS = (
					"DEBUG=1",
					"$(inherited)",
				);
				GCC_SYMBOLS_PRIVATE_EXTERN = NO;
				GCC_WARN_64_TO_32_BIT_CONVERSION = YES;
				GCC_WARN_ABOUT_RETURN_TYPE = YES_ERROR;
				GCC_WARN_UNDECLARED_SELECTOR = YES;
				GCC_WARN_UNINITIALIZED_AUTOS = YES_AGGRESSIVE;
				GCC_WARN_UNUSED_FUNCTION = YES;
				GCC_WARN_UNUSED_VARIABLE = YES;
				MACOSX_DEPLOYMENT_TARGET = 10.9;
				MTL_ENABLE_DEBUG_INFO = YES;
				ONLY_ACTIVE_ARCH = YES;
				SDKROOT = macosx;
			};
			name = Debug;
		};
		78762B501ADE4416000E538B /* Release */ = {
			isa = XCBuildConfiguration;
			buildSettings = {
				ALWAYS_SEARCH_USER_PATHS = NO;
				CLANG_CXX_LANGUAGE_STANDARD = "gnu++0x";
				CLANG_CXX_LIBRARY = "libc++";
				CLANG_ENABLE_MODULES = YES;
				CLANG_ENABLE_OBJC_ARC = YES;
				CLANG_WARN_BOOL_CONVERSION = YES;
				CLANG_WARN_CONSTANT_CONVERSION = YES;
				CLANG_WARN_DIRECT_OBJC_ISA_USAGE = YES_ERROR;
				CLANG_WARN_EMPTY_BODY = YES;
				CLANG_WARN_ENUM_CONVERSION = YES;
				CLANG_WARN_INT_CONVERSION = YES;
				CLANG_WARN_OBJC_ROOT_CLASS = YES_ERROR;
				CLANG_WARN_UNREACHABLE_CODE = YES;
				CLANG_WARN__DUPLICATE_METHOD_MATCH = YES;
				COPY_PHASE_STRIP = NO;
				DEBUG_INFORMATION_FORMAT = "dwarf-with-dsym";
				ENABLE_NS_ASSERTIONS = NO;
				ENABLE_STRICT_OBJC_MSGSEND = YES;
				GCC_C_LANGUAGE_STANDARD = gnu99;
				GCC_WARN_64_TO_32_BIT_CONVERSION = YES;
				GCC_WARN_ABOUT_RETURN_TYPE = YES_ERROR;
				GCC_WARN_UNDECLARED_SELECTOR = YES;
				GCC_WARN_UNINITIALIZED_AUTOS = YES_AGGRESSIVE;
				GCC_WARN_UNUSED_FUNCTION = YES;
				GCC_WARN_UNUSED_VARIABLE = YES;
				MACOSX_DEPLOYMENT_TARGET = 10.9;
				MTL_ENABLE_DEBUG_INFO = NO;
				SDKROOT = macosx;
			};
			name = Release;
		};
		78762B521ADE4416000E538B /* Debug */ = {
			isa = XCBuildConfiguration;
			buildSettings = {
				PRODUCT_NAME = "$(TARGET_NAME)";
			};
			name = Debug;
		};
		78762B531ADE4416000E538B /* Release */ = {
			isa = XCBuildConfiguration;
			buildSettings = {
				PRODUCT_NAME = "$(TARGET_NAME)";
			};
			name = Release;
		};
/* End XCBuildConfiguration section */

/* Begin XCConfigurationList section */
		78762B451ADE4416000E538B /* Build configuration list for PBXProject "NSAarray" */ = {
			isa = XCConfigurationList;
			buildConfigurations = (
				78762B4F1ADE4416000E538B /* Debug */,
				78762B501ADE4416000E538B /* Release */,
			);
			defaultConfigurationIsVisible = 0;
			defaultConfigurationName = Release;
		};
		78762B511ADE4416000E538B /* Build configuration list for PBXNativeTarget "NSAarray" */ = {
			isa = XCConfigurationList;
			buildConfigurations = (
				78762B521ADE4416000E538B /* Debug */,
				78762B531ADE4416000E538B /* Release */,
			);
			defaultConfigurationIsVisible = 0;
			defaultConfigurationName = Release;
		};
/* End XCConfigurationList section */
	};
	rootObject = 78762B421ADE4416000E538B /* Project object */;
}
