// !$*UTF8*$!
{
	archiveVersion = 1;
	classes = {
	};
	objectVersion = 46;
	objects = {

/* Begin PBXBuildFile section */
		783E07691AD3CFEB0066FE73 /* main.m in Sources */ = {isa = PBXBuildFile; fileRef = 783E07681AD3CFEB0066FE73 /* main.m */; };
		783E07711AD3D00D0066FE73 /* Student.m in Sources */ = {isa = PBXBuildFile; fileRef = 783E07701AD3D00D0066FE73 /* Student.m */; };
/* End PBXBuildFile section */

/* Begin PBXCopyFilesBuildPhase section */
		783E07631AD3CFEB0066FE73 /* CopyFiles */ = {
			isa = PBXCopyFilesBuildPhase;
			buildActionMask = 2147483647;
			dstPath = /usr/share/man/man1/;
			dstSubfolderSpec = 0;
			files = (
			);
			runOnlyForDeploymentPostprocessing = 1;
		};
/* End PBXCopyFilesBuildPhase section */

/* Begin PBXFileReference section */
		783E07651AD3CFEB0066FE73 /* 构造方法 */ = {isa = PBXFileReference; explicitFileType = "compiled.mach-o.executable"; includeInIndex = 0; path = "构造方法"; sourceTree = BUILT_PRODUCTS_DIR; };
		783E07681AD3CFEB0066FE73 /* main.m */ = {isa = PBXFileReference; lastKnownFileType = sourcecode.c.objc; path = main.m; sourceTree = "<group>"; };
		783E076F1AD3D00D0066FE73 /* Student.h */ = {isa = PBXFileReference; fileEncoding = 4; lastKnownFileType = sourcecode.c.h; path = Student.h; sourceTree = "<group>"; };
		783E07701AD3D00D0066FE73 /* Student.m */ = {isa = PBXFileReference; fileEncoding = 4; lastKnownFileType = sourcecode.c.objc; path = Student.m; sourceTree = "<group>"; };
/* End PBXFileReference section */

/* Begin PBXFrameworksBuildPhase section */
		783E07621AD3CFEB0066FE73 /* Frameworks */ = {
			isa = PBXFrameworksBuildPhase;
			buildActionMask = 2147483647;
			files = (
			);
			runOnlyForDeploymentPostprocessing = 0;
		};
/* End PBXFrameworksBuildPhase section */

/* Begin PBXGroup section */
		783E075C1AD3CFEB0066FE73 = {
			isa = PBXGroup;
			children = (
				783E07671AD3CFEB0066FE73 /* 构造方法 */,
				783E07661AD3CFEB0066FE73 /* Products */,
			);
			sourceTree = "<group>";
		};
		783E07661AD3CFEB0066FE73 /* Products */ = {
			isa = PBXGroup;
			children = (
				783E07651AD3CFEB0066FE73 /* 构造方法 */,
			);
			name = Products;
			sourceTree = "<group>";
		};
		783E07671AD3CFEB0066FE73 /* 构造方法 */ = {
			isa = PBXGroup;
			children = (
				783E07681AD3CFEB0066FE73 /* main.m */,
				783E076F1AD3D00D0066FE73 /* Student.h */,
				783E07701AD3D00D0066FE73 /* Student.m */,
			);
			path = "构造方法";
			sourceTree = "<group>";
		};
/* End PBXGroup section */

/* Begin PBXNativeTarget section */
		783E07641AD3CFEB0066FE73 /* 构造方法 */ = {
			isa = PBXNativeTarget;
			buildConfigurationList = 783E076C1AD3CFEB0066FE73 /* Build configuration list for PBXNativeTarget "构造方法" */;
			buildPhases = (
				783E07611AD3CFEB0066FE73 /* Sources */,
				783E07621AD3CFEB0066FE73 /* Frameworks */,
				783E07631AD3CFEB0066FE73 /* CopyFiles */,
			);
			buildRules = (
			);
			dependencies = (
			);
			name = "构造方法";
			productName = "构造方法";
			productReference = 783E07651AD3CFEB0066FE73 /* 构造方法 */;
			productType = "com.apple.product-type.tool";
		};
/* End PBXNativeTarget section */

/* Begin PBXProject section */
		783E075D1AD3CFEB0066FE73 /* Project object */ = {
			isa = PBXProject;
			attributes = {
				LastUpgradeCheck = 0620;
				ORGANIZATIONNAME = pcbeta;
				TargetAttributes = {
					783E07641AD3CFEB0066FE73 = {
						CreatedOnToolsVersion = 6.2;
					};
				};
			};
			buildConfigurationList = 783E07601AD3CFEB0066FE73 /* Build configuration list for PBXProject "构造方法" */;
			compatibilityVersion = "Xcode 3.2";
			developmentRegion = English;
			hasScannedForEncodings = 0;
			knownRegions = (
				en,
			);
			mainGroup = 783E075C1AD3CFEB0066FE73;
			productRefGroup = 783E07661AD3CFEB0066FE73 /* Products */;
			projectDirPath = "";
			projectRoot = "";
			targets = (
				783E07641AD3CFEB0066FE73 /* 构造方法 */,
			);
		};
/* End PBXProject section */

/* Begin PBXSourcesBuildPhase section */
		783E07611AD3CFEB0066FE73 /* Sources */ = {
			isa = PBXSourcesBuildPhase;
			buildActionMask = 2147483647;
			files = (
				783E07691AD3CFEB0066FE73 /* main.m in Sources */,
				783E07711AD3D00D0066FE73 /* Student.m in Sources */,
			);
			runOnlyForDeploymentPostprocessing = 0;
		};
/* End PBXSourcesBuildPhase section */

/* Begin XCBuildConfiguration section */
		783E076A1AD3CFEB0066FE73 /* Debug */ = {
			isa = XCBuildConfiguration;
			buildSettings = {
				ALWAYS_SEARCH_USER_PATHS = NO;
				CLANG_CXX_LANGUAGE_STANDARD = "gnu++0x";
				CLANG_CXX_LIBRARY = "libc++";
				CLANG_ENABLE_MODULES = YES;
				CLANG_ENABLE_OBJC_ARC = YES;
				CLANG_WARN_BOOL_CONVERSION = YES;
				CLANG_WARN_CONSTANT_CONVERSION = YES;
				CLANG_WARN_DIRECT_OBJC_ISA_USAGE = YES_ERROR;
				CLANG_WARN_EMPTY_BODY = YES;
				CLANG_WARN_ENUM_CONVERSION = YES;
				CLANG_WARN_INT_CONVERSION = YES;
				CLANG_WARN_OBJC_ROOT_CLASS = YES_ERROR;
				CLANG_WARN_UNREACHABLE_CODE = YES;
				CLANG_WARN__DUPLICATE_METHOD_MATCH = YES;
				COPY_PHASE_STRIP = NO;
				ENABLE_STRICT_OBJC_MSGSEND = YES;
				GCC_C_LANGUAGE_STANDARD = gnu99;
				GCC_DYNAMIC_NO_PIC = NO;
				GCC_OPTIMIZATION_LEVEL = 0;
				GCC_PREPROCESSOR_DEFINITIONS = (
					"DEBUG=1",
					"$(inherited)",
				);
				GCC_SYMBOLS_PRIVATE_EXTERN = NO;
				GCC_WARN_64_TO_32_BIT_CONVERSION = YES;
				GCC_WARN_ABOUT_RETURN_TYPE = YES_ERROR;
				GCC_WARN_UNDECLARED_SELECTOR = YES;
				GCC_WARN_UNINITIALIZED_AUTOS = YES_AGGRESSIVE;
				GCC_WARN_UNUSED_FUNCTION = YES;
				GCC_WARN_UNUSED_VARIABLE = YES;
				MACOSX_DEPLOYMENT_TARGET = 10.9;
				MTL_ENABLE_DEBUG_INFO = YES;
				ONLY_ACTIVE_ARCH = YES;
				SDKROOT = macosx;
			};
			name = Debug;
		};
		783E076B1AD3CFEB0066FE73 /* Release */ = {
			isa = XCBuildConfiguration;
			buildSettings = {
				ALWAYS_SEARCH_USER_PATHS = NO;
				CLANG_CXX_LANGUAGE_STANDARD = "gnu++0x";
				CLANG_CXX_LIBRARY = "libc++";
				CLANG_ENABLE_MODULES = YES;
				CLANG_ENABLE_OBJC_ARC = YES;
				CLANG_WARN_BOOL_CONVERSION = YES;
				CLANG_WARN_CONSTANT_CONVERSION = YES;
				CLANG_WARN_DIRECT_OBJC_ISA_USAGE = YES_ERROR;
				CLANG_WARN_EMPTY_BODY = YES;
				CLANG_WARN_ENUM_CONVERSION = YES;
				CLANG_WARN_INT_CONVERSION = YES;
				CLANG_WARN_OBJC_ROOT_CLASS = YES_ERROR;
				CLANG_WARN_UNREACHABLE_CODE = YES;
				CLANG_WARN__DUPLICATE_METHOD_MATCH = YES;
				COPY_PHASE_STRIP = NO;
				DEBUG_INFORMATION_FORMAT = "dwarf-with-dsym";
				ENABLE_NS_ASSERTIONS = NO;
				ENABLE_STRICT_OBJC_MSGSEND = YES;
				GCC_C_LANGUAGE_STANDARD = gnu99;
				GCC_WARN_64_TO_32_BIT_CONVERSION = YES;
				GCC_WARN_ABOUT_RETURN_TYPE = YES_ERROR;
				GCC_WARN_UNDECLARED_SELECTOR = YES;
				GCC_WARN_UNINITIALIZED_AUTOS = YES_AGGRESSIVE;
				GCC_WARN_UNUSED_FUNCTION = YES;
				GCC_WARN_UNUSED_VARIABLE = YES;
				MACOSX_DEPLOYMENT_TARGET = 10.9;
				MTL_ENABLE_DEBUG_INFO = NO;
				SDKROOT = macosx;
			};
			name = Release;
		};
		783E076D1AD3CFEB0066FE73 /* Debug */ = {
			isa = XCBuildConfiguration;
			buildSettings = {
				PRODUCT_NAME = "$(TARGET_NAME)";
			};
			name = Debug;
		};
		783E076E1AD3CFEB0066FE73 /* Release */ = {
			isa = XCBuildConfiguration;
			buildSettings = {
				PRODUCT_NAME = "$(TARGET_NAME)";
			};
			name = Release;
		};
/* End XCBuildConfiguration section */

/* Begin XCConfigurationList section */
		783E07601AD3CFEB0066FE73 /* Build configuration list for PBXProject "构造方法" */ = {
			isa = XCConfigurationList;
			buildConfigurations = (
				783E076A1AD3CFEB0066FE73 /* Debug */,
				783E076B1AD3CFEB0066FE73 /* Release */,
			);
			defaultConfigurationIsVisible = 0;
			defaultConfigurationName = Release;
		};
		783E076C1AD3CFEB0066FE73 /* Build configuration list for PBXNativeTarget "构造方法" */ = {
			isa = XCConfigurationList;
			buildConfigurations = (
				783E076D1AD3CFEB0066FE73 /* Debug */,
				783E076E1AD3CFEB0066FE73 /* Release */,
			);
			defaultConfigurationIsVisible = 0;
		};
/* End XCConfigurationList section */
	};
	rootObject = 783E075D1AD3CFEB0066FE73 /* Project object */;
}
