// !$*UTF8*$!
{
	archiveVersion = 1;
	classes = {
	};
	objectVersion = 46;
	objects = {

/* Begin PBXBuildFile section */
		781AEBB71AD4BA8B00C0D14D /* main.m in Sources */ = {isa = PBXBuildFile; fileRef = 781AEBB61AD4BA8B00C0D14D /* main.m */; };
		781AEBBF1AD4BAAC00C0D14D /* Person.m in Sources */ = {isa = PBXBuildFile; fileRef = 781AEBBE1AD4BAAC00C0D14D /* Person.m */; };
		78D6A88C1AD640DE000E4043 /* Man.m in Sources */ = {isa = PBXBuildFile; fileRef = 78D6A88B1AD640DE000E4043 /* Man.m */; };
/* End PBXBuildFile section */

/* Begin PBXCopyFilesBuildPhase section */
		781AEBB11AD4BA8B00C0D14D /* CopyFiles */ = {
			isa = PBXCopyFilesBuildPhase;
			buildActionMask = 2147483647;
			dstPath = /usr/share/man/man1/;
			dstSubfolderSpec = 0;
			files = (
			);
			runOnlyForDeploymentPostprocessing = 1;
		};
/* End PBXCopyFilesBuildPhase section */

/* Begin PBXFileReference section */
		781AEBB31AD4BA8B00C0D14D /* test */ = {isa = PBXFileReference; explicitFileType = "compiled.mach-o.executable"; includeInIndex = 0; path = test; sourceTree = BUILT_PRODUCTS_DIR; };
		781AEBB61AD4BA8B00C0D14D /* main.m */ = {isa = PBXFileReference; lastKnownFileType = sourcecode.c.objc; path = main.m; sourceTree = "<group>"; };
		781AEBBD1AD4BAAC00C0D14D /* Person.h */ = {isa = PBXFileReference; fileEncoding = 4; lastKnownFileType = sourcecode.c.h; path = Person.h; sourceTree = "<group>"; };
		781AEBBE1AD4BAAC00C0D14D /* Person.m */ = {isa = PBXFileReference; fileEncoding = 4; lastKnownFileType = sourcecode.c.objc; path = Person.m; sourceTree = "<group>"; };
		78D6A88A1AD640DE000E4043 /* Man.h */ = {isa = PBXFileReference; fileEncoding = 4; lastKnownFileType = sourcecode.c.h; path = Man.h; sourceTree = "<group>"; };
		78D6A88B1AD640DE000E4043 /* Man.m */ = {isa = PBXFileReference; fileEncoding = 4; lastKnownFileType = sourcecode.c.objc; path = Man.m; sourceTree = "<group>"; };
/* End PBXFileReference section */

/* Begin PBXFrameworksBuildPhase section */
		781AEBB01AD4BA8B00C0D14D /* Frameworks */ = {
			isa = PBXFrameworksBuildPhase;
			buildActionMask = 2147483647;
			files = (
			);
			runOnlyForDeploymentPostprocessing = 0;
		};
/* End PBXFrameworksBuildPhase section */

/* Begin PBXGroup section */
		781AEBAA1AD4BA8B00C0D14D = {
			isa = PBXGroup;
			children = (
				781AEBB51AD4BA8B00C0D14D /* test */,
				781AEBB41AD4BA8B00C0D14D /* Products */,
			);
			sourceTree = "<group>";
		};
		781AEBB41AD4BA8B00C0D14D /* Products */ = {
			isa = PBXGroup;
			children = (
				781AEBB31AD4BA8B00C0D14D /* test */,
			);
			name = Products;
			sourceTree = "<group>";
		};
		781AEBB51AD4BA8B00C0D14D /* test */ = {
			isa = PBXGroup;
			children = (
				781AEBB61AD4BA8B00C0D14D /* main.m */,
				781AEBBD1AD4BAAC00C0D14D /* Person.h */,
				781AEBBE1AD4BAAC00C0D14D /* Person.m */,
				78D6A88A1AD640DE000E4043 /* Man.h */,
				78D6A88B1AD640DE000E4043 /* Man.m */,
			);
			path = test;
			sourceTree = "<group>";
		};
/* End PBXGroup section */

/* Begin PBXNativeTarget section */
		781AEBB21AD4BA8B00C0D14D /* test */ = {
			isa = PBXNativeTarget;
			buildConfigurationList = 781AEBBA1AD4BA8B00C0D14D /* Build configuration list for PBXNativeTarget "test" */;
			buildPhases = (
				781AEBAF1AD4BA8B00C0D14D /* Sources */,
				781AEBB01AD4BA8B00C0D14D /* Frameworks */,
				781AEBB11AD4BA8B00C0D14D /* CopyFiles */,
			);
			buildRules = (
			);
			dependencies = (
			);
			name = test;
			productName = test;
			productReference = 781AEBB31AD4BA8B00C0D14D /* test */;
			productType = "com.apple.product-type.tool";
		};
/* End PBXNativeTarget section */

/* Begin PBXProject section */
		781AEBAB1AD4BA8B00C0D14D /* Project object */ = {
			isa = PBXProject;
			attributes = {
				LastUpgradeCheck = 0620;
				ORGANIZATIONNAME = pcbeta;
				TargetAttributes = {
					781AEBB21AD4BA8B00C0D14D = {
						CreatedOnToolsVersion = 6.2;
					};
				};
			};
			buildConfigurationList = 781AEBAE1AD4BA8B00C0D14D /* Build configuration list for PBXProject "test" */;
			compatibilityVersion = "Xcode 3.2";
			developmentRegion = English;
			hasScannedForEncodings = 0;
			knownRegions = (
				en,
			);
			mainGroup = 781AEBAA1AD4BA8B00C0D14D;
			productRefGroup = 781AEBB41AD4BA8B00C0D14D /* Products */;
			projectDirPath = "";
			projectRoot = "";
			targets = (
				781AEBB21AD4BA8B00C0D14D /* test */,
			);
		};
/* End PBXProject section */

/* Begin PBXSourcesBuildPhase section */
		781AEBAF1AD4BA8B00C0D14D /* Sources */ = {
			isa = PBXSourcesBuildPhase;
			buildActionMask = 2147483647;
			files = (
				78D6A88C1AD640DE000E4043 /* Man.m in Sources */,
				781AEBBF1AD4BAAC00C0D14D /* Person.m in Sources */,
				781AEBB71AD4BA8B00C0D14D /* main.m in Sources */,
			);
			runOnlyForDeploymentPostprocessing = 0;
		};
/* End PBXSourcesBuildPhase section */

/* Begin XCBuildConfiguration section */
		781AEBB81AD4BA8B00C0D14D /* Debug */ = {
			isa = XCBuildConfiguration;
			buildSettings = {
				ALWAYS_SEARCH_USER_PATHS = NO;
				CLANG_CXX_LANGUAGE_STANDARD = "gnu++0x";
				CLANG_CXX_LIBRARY = "libc++";
				CLANG_ENABLE_MODULES = YES;
				CLANG_ENABLE_OBJC_ARC = YES;
				CLANG_WARN_BOOL_CONVERSION = YES;
				CLANG_WARN_CONSTANT_CONVERSION = YES;
				CLANG_WARN_DIRECT_OBJC_ISA_USAGE = YES_ERROR;
				CLANG_WARN_EMPTY_BODY = YES;
				CLANG_WARN_ENUM_CONVERSION = YES;
				CLANG_WARN_INT_CONVERSION = YES;
				CLANG_WARN_OBJC_ROOT_CLASS = YES_ERROR;
				CLANG_WARN_UNREACHABLE_CODE = YES;
				CLANG_WARN__DUPLICATE_METHOD_MATCH = YES;
				COPY_PHASE_STRIP = NO;
				ENABLE_STRICT_OBJC_MSGSEND = YES;
				GCC_C_LANGUAGE_STANDARD = gnu99;
				GCC_DYNAMIC_NO_PIC = NO;
				GCC_OPTIMIZATION_LEVEL = 0;
				GCC_PREPROCESSOR_DEFINITIONS = (
					"DEBUG=1",
					"$(inherited)",
				);
				GCC_SYMBOLS_PRIVATE_EXTERN = NO;
				GCC_WARN_64_TO_32_BIT_CONVERSION = YES;
				GCC_WARN_ABOUT_RETURN_TYPE = YES_ERROR;
				GCC_WARN_UNDECLARED_SELECTOR = YES;
				GCC_WARN_UNINITIALIZED_AUTOS = YES_AGGRESSIVE;
				GCC_WARN_UNUSED_FUNCTION = YES;
				GCC_WARN_UNUSED_VARIABLE = YES;
				MACOSX_DEPLOYMENT_TARGET = 10.9;
				MTL_ENABLE_DEBUG_INFO = YES;
				ONLY_ACTIVE_ARCH = YES;
				SDKROOT = macosx;
			};
			name = Debug;
		};
		781AEBB91AD4BA8B00C0D14D /* Release */ = {
			isa = XCBuildConfiguration;
			buildSettings = {
				ALWAYS_SEARCH_USER_PATHS = NO;
				CLANG_CXX_LANGUAGE_STANDARD = "gnu++0x";
				CLANG_CXX_LIBRARY = "libc++";
				CLANG_ENABLE_MODULES = YES;
				CLANG_ENABLE_OBJC_ARC = YES;
				CLANG_WARN_BOOL_CONVERSION = YES;
				CLANG_WARN_CONSTANT_CONVERSION = YES;
				CLANG_WARN_DIRECT_OBJC_ISA_USAGE = YES_ERROR;
				CLANG_WARN_EMPTY_BODY = YES;
				CLANG_WARN_ENUM_CONVERSION = YES;
				CLANG_WARN_INT_CONVERSION = YES;
				CLANG_WARN_OBJC_ROOT_CLASS = YES_ERROR;
				CLANG_WARN_UNREACHABLE_CODE = YES;
				CLANG_WARN__DUPLICATE_METHOD_MATCH = YES;
				COPY_PHASE_STRIP = NO;
				DEBUG_INFORMATION_FORMAT = "dwarf-with-dsym";
				ENABLE_NS_ASSERTIONS = NO;
				ENABLE_STRICT_OBJC_MSGSEND = YES;
				GCC_C_LANGUAGE_STANDARD = gnu99;
				GCC_WARN_64_TO_32_BIT_CONVERSION = YES;
				GCC_WARN_ABOUT_RETURN_TYPE = YES_ERROR;
				GCC_WARN_UNDECLARED_SELECTOR = YES;
				GCC_WARN_UNINITIALIZED_AUTOS = YES_AGGRESSIVE;
				GCC_WARN_UNUSED_FUNCTION = YES;
				GCC_WARN_UNUSED_VARIABLE = YES;
				MACOSX_DEPLOYMENT_TARGET = 10.9;
				MTL_ENABLE_DEBUG_INFO = NO;
				SDKROOT = macosx;
			};
			name = Release;
		};
		781AEBBB1AD4BA8B00C0D14D /* Debug */ = {
			isa = XCBuildConfiguration;
			buildSettings = {
				PRODUCT_NAME = "$(TARGET_NAME)";
			};
			name = Debug;
		};
		781AEBBC1AD4BA8B00C0D14D /* Release */ = {
			isa = XCBuildConfiguration;
			buildSettings = {
				PRODUCT_NAME = "$(TARGET_NAME)";
			};
			name = Release;
		};
/* End XCBuildConfiguration section */

/* Begin XCConfigurationList section */
		781AEBAE1AD4BA8B00C0D14D /* Build configuration list for PBXProject "test" */ = {
			isa = XCConfigurationList;
			buildConfigurations = (
				781AEBB81AD4BA8B00C0D14D /* Debug */,
				781AEBB91AD4BA8B00C0D14D /* Release */,
			);
			defaultConfigurationIsVisible = 0;
			defaultConfigurationName = Release;
		};
		781AEBBA1AD4BA8B00C0D14D /* Build configuration list for PBXNativeTarget "test" */ = {
			isa = XCConfigurationList;
			buildConfigurations = (
				781AEBBB1AD4BA8B00C0D14D /* Debug */,
				781AEBBC1AD4BA8B00C0D14D /* Release */,
			);
			defaultConfigurationIsVisible = 0;
			defaultConfigurationName = Release;
		};
/* End XCConfigurationList section */
	};
	rootObject = 781AEBAB1AD4BA8B00C0D14D /* Project object */;
}
