// !$*UTF8*$!
{
	archiveVersion = 1;
	classes = {
	};
	objectVersion = 46;
	objects = {

/* Begin PBXBuildFile section */
		789C8B5C1ADBA4A100634D0F /* main.m in Sources */ = {isa = PBXBuildFile; fileRef = 789C8B5B1ADBA4A100634D0F /* main.m */; };
		789C8B641ADBB4BA00634D0F /* Button.m in Sources */ = {isa = PBXBuildFile; fileRef = 789C8B631ADBB4BA00634D0F /* Button.m */; };
/* End PBXBuildFile section */

/* Begin PBXCopyFilesBuildPhase section */
		789C8B561ADBA4A100634D0F /* CopyFiles */ = {
			isa = PBXCopyFilesBuildPhase;
			buildActionMask = 2147483647;
			dstPath = /usr/share/man/man1/;
			dstSubfolderSpec = 0;
			files = (
			);
			runOnlyForDeploymentPostprocessing = 1;
		};
/* End PBXCopyFilesBuildPhase section */

/* Begin PBXFileReference section */
		789C8B581ADBA4A100634D0F /* block */ = {isa = PBXFileReference; explicitFileType = "compiled.mach-o.executable"; includeInIndex = 0; path = block; sourceTree = BUILT_PRODUCTS_DIR; };
		789C8B5B1ADBA4A100634D0F /* main.m */ = {isa = PBXFileReference; lastKnownFileType = sourcecode.c.objc; path = main.m; sourceTree = "<group>"; };
		789C8B621ADBB4BA00634D0F /* Button.h */ = {isa = PBXFileReference; fileEncoding = 4; lastKnownFileType = sourcecode.c.h; path = Button.h; sourceTree = "<group>"; };
		789C8B631ADBB4BA00634D0F /* Button.m */ = {isa = PBXFileReference; fileEncoding = 4; lastKnownFileType = sourcecode.c.objc; path = Button.m; sourceTree = "<group>"; };
/* End PBXFileReference section */

/* Begin PBXFrameworksBuildPhase section */
		789C8B551ADBA4A100634D0F /* Frameworks */ = {
			isa = PBXFrameworksBuildPhase;
			buildActionMask = 2147483647;
			files = (
			);
			runOnlyForDeploymentPostprocessing = 0;
		};
/* End PBXFrameworksBuildPhase section */

/* Begin PBXGroup section */
		789C8B4F1ADBA4A100634D0F = {
			isa = PBXGroup;
			children = (
				789C8B5A1ADBA4A100634D0F /* block */,
				789C8B591ADBA4A100634D0F /* Products */,
			);
			sourceTree = "<group>";
		};
		789C8B591ADBA4A100634D0F /* Products */ = {
			isa = PBXGroup;
			children = (
				789C8B581ADBA4A100634D0F /* block */,
			);
			name = Products;
			sourceTree = "<group>";
		};
		789C8B5A1ADBA4A100634D0F /* block */ = {
			isa = PBXGroup;
			children = (
				789C8B5B1ADBA4A100634D0F /* main.m */,
				789C8B621ADBB4BA00634D0F /* Button.h */,
				789C8B631ADBB4BA00634D0F /* Button.m */,
			);
			path = block;
			sourceTree = "<group>";
		};
/* End PBXGroup section */

/* Begin PBXNativeTarget section */
		789C8B571ADBA4A100634D0F /* block */ = {
			isa = PBXNativeTarget;
			buildConfigurationList = 789C8B5F1ADBA4A100634D0F /* Build configuration list for PBXNativeTarget "block" */;
			buildPhases = (
				789C8B541ADBA4A100634D0F /* Sources */,
				789C8B551ADBA4A100634D0F /* Frameworks */,
				789C8B561ADBA4A100634D0F /* CopyFiles */,
			);
			buildRules = (
			);
			dependencies = (
			);
			name = block;
			productName = block;
			productReference = 789C8B581ADBA4A100634D0F /* block */;
			productType = "com.apple.product-type.tool";
		};
/* End PBXNativeTarget section */

/* Begin PBXProject section */
		789C8B501ADBA4A100634D0F /* Project object */ = {
			isa = PBXProject;
			attributes = {
				LastUpgradeCheck = 0620;
				ORGANIZATIONNAME = pcbeta;
				TargetAttributes = {
					789C8B571ADBA4A100634D0F = {
						CreatedOnToolsVersion = 6.2;
					};
				};
			};
			buildConfigurationList = 789C8B531ADBA4A100634D0F /* Build configuration list for PBXProject "block" */;
			compatibilityVersion = "Xcode 3.2";
			developmentRegion = English;
			hasScannedForEncodings = 0;
			knownRegions = (
				en,
			);
			mainGroup = 789C8B4F1ADBA4A100634D0F;
			productRefGroup = 789C8B591ADBA4A100634D0F /* Products */;
			projectDirPath = "";
			projectRoot = "";
			targets = (
				789C8B571ADBA4A100634D0F /* block */,
			);
		};
/* End PBXProject section */

/* Begin PBXSourcesBuildPhase section */
		789C8B541ADBA4A100634D0F /* Sources */ = {
			isa = PBXSourcesBuildPhase;
			buildActionMask = 2147483647;
			files = (
				789C8B5C1ADBA4A100634D0F /* main.m in Sources */,
				789C8B641ADBB4BA00634D0F /* Button.m in Sources */,
			);
			runOnlyForDeploymentPostprocessing = 0;
		};
/* End PBXSourcesBuildPhase section */

/* Begin XCBuildConfiguration section */
		789C8B5D1ADBA4A100634D0F /* Debug */ = {
			isa = XCBuildConfiguration;
			buildSettings = {
				ALWAYS_SEARCH_USER_PATHS = NO;
				CLANG_CXX_LANGUAGE_STANDARD = "gnu++0x";
				CLANG_CXX_LIBRARY = "libc++";
				CLANG_ENABLE_MODULES = YES;
				CLANG_ENABLE_OBJC_ARC = YES;
				CLANG_WARN_BOOL_CONVERSION = YES;
				CLANG_WARN_CONSTANT_CONVERSION = YES;
				CLANG_WARN_DIRECT_OBJC_ISA_USAGE = YES_ERROR;
				CLANG_WARN_EMPTY_BODY = YES;
				CLANG_WARN_ENUM_CONVERSION = YES;
				CLANG_WARN_INT_CONVERSION = YES;
				CLANG_WARN_OBJC_ROOT_CLASS = YES_ERROR;
				CLANG_WARN_UNREACHABLE_CODE = YES;
				CLANG_WARN__DUPLICATE_METHOD_MATCH = YES;
				COPY_PHASE_STRIP = NO;
				ENABLE_STRICT_OBJC_MSGSEND = YES;
				GCC_C_LANGUAGE_STANDARD = gnu99;
				GCC_DYNAMIC_NO_PIC = NO;
				GCC_OPTIMIZATION_LEVEL = 0;
				GCC_PREPROCESSOR_DEFINITIONS = (
					"DEBUG=1",
					"$(inherited)",
				);
				GCC_SYMBOLS_PRIVATE_EXTERN = NO;
				GCC_WARN_64_TO_32_BIT_CONVERSION = YES;
				GCC_WARN_ABOUT_RETURN_TYPE = YES_ERROR;
				GCC_WARN_UNDECLARED_SELECTOR = YES;
				GCC_WARN_UNINITIALIZED_AUTOS = YES_AGGRESSIVE;
				GCC_WARN_UNUSED_FUNCTION = YES;
				GCC_WARN_UNUSED_VARIABLE = YES;
				MACOSX_DEPLOYMENT_TARGET = 10.9;
				MTL_ENABLE_DEBUG_INFO = YES;
				ONLY_ACTIVE_ARCH = YES;
				SDKROOT = macosx;
			};
			name = Debug;
		};
		789C8B5E1ADBA4A100634D0F /* Release */ = {
			isa = XCBuildConfiguration;
			buildSettings = {
				ALWAYS_SEARCH_USER_PATHS = NO;
				CLANG_CXX_LANGUAGE_STANDARD = "gnu++0x";
				CLANG_CXX_LIBRARY = "libc++";
				CLANG_ENABLE_MODULES = YES;
				CLANG_ENABLE_OBJC_ARC = YES;
				CLANG_WARN_BOOL_CONVERSION = YES;
				CLANG_WARN_CONSTANT_CONVERSION = YES;
				CLANG_WARN_DIRECT_OBJC_ISA_USAGE = YES_ERROR;
				CLANG_WARN_EMPTY_BODY = YES;
				CLANG_WARN_ENUM_CONVERSION = YES;
				CLANG_WARN_INT_CONVERSION = YES;
				CLANG_WARN_OBJC_ROOT_CLASS = YES_ERROR;
				CLANG_WARN_UNREACHABLE_CODE = YES;
				CLANG_WARN__DUPLICATE_METHOD_MATCH = YES;
				COPY_PHASE_STRIP = NO;
				DEBUG_INFORMATION_FORMAT = "dwarf-with-dsym";
				ENABLE_NS_ASSERTIONS = NO;
				ENABLE_STRICT_OBJC_MSGSEND = YES;
				GCC_C_LANGUAGE_STANDARD = gnu99;
				GCC_WARN_64_TO_32_BIT_CONVERSION = YES;
				GCC_WARN_ABOUT_RETURN_TYPE = YES_ERROR;
				GCC_WARN_UNDECLARED_SELECTOR = YES;
				GCC_WARN_UNINITIALIZED_AUTOS = YES_AGGRESSIVE;
				GCC_WARN_UNUSED_FUNCTION = YES;
				GCC_WARN_UNUSED_VARIABLE = YES;
				MACOSX_DEPLOYMENT_TARGET = 10.9;
				MTL_ENABLE_DEBUG_INFO = NO;
				SDKROOT = macosx;
			};
			name = Release;
		};
		789C8B601ADBA4A100634D0F /* Debug */ = {
			isa = XCBuildConfiguration;
			buildSettings = {
				PRODUCT_NAME = "$(TARGET_NAME)";
			};
			name = Debug;
		};
		789C8B611ADBA4A100634D0F /* Release */ = {
			isa = XCBuildConfiguration;
			buildSettings = {
				PRODUCT_NAME = "$(TARGET_NAME)";
			};
			name = Release;
		};
/* End XCBuildConfiguration section */

/* Begin XCConfigurationList section */
		789C8B531ADBA4A100634D0F /* Build configuration list for PBXProject "block" */ = {
			isa = XCConfigurationList;
			buildConfigurations = (
				789C8B5D1ADBA4A100634D0F /* Debug */,
				789C8B5E1ADBA4A100634D0F /* Release */,
			);
			defaultConfigurationIsVisible = 0;
			defaultConfigurationName = Release;
		};
		789C8B5F1ADBA4A100634D0F /* Build configuration list for PBXNativeTarget "block" */ = {
			isa = XCConfigurationList;
			buildConfigurations = (
				789C8B601ADBA4A100634D0F /* Debug */,
				789C8B611ADBA4A100634D0F /* Release */,
			);
			defaultConfigurationIsVisible = 0;
		};
/* End XCConfigurationList section */
	};
	rootObject = 789C8B501ADBA4A100634D0F /* Project object */;
}
