// !$*UTF8*$!
{
	archiveVersion = 1;
	classes = {
	};
	objectVersion = 46;
	objects = {

/* Begin PBXBuildFile section */
		78577BC41BABCA80006C39CE /* main.m in Sources */ = {isa = PBXBuildFile; fileRef = 78577BC31BABCA80006C39CE /* main.m */; };
		78577BC71BABCA80006C39CE /* AppDelegate.m in Sources */ = {isa = PBXBuildFile; fileRef = 78577BC61BABCA80006C39CE /* AppDelegate.m */; };
		78577BCA1BABCA80006C39CE /* ViewController.m in Sources */ = {isa = PBXBuildFile; fileRef = 78577BC91BABCA80006C39CE /* ViewController.m */; };
		78577BCD1BABCA80006C39CE /* Main.storyboard in Resources */ = {isa = PBXBuildFile; fileRef = 78577BCB1BABCA80006C39CE /* Main.storyboard */; };
		78577BCF1BABCA80006C39CE /* Images.xcassets in Resources */ = {isa = PBXBuildFile; fileRef = 78577BCE1BABCA80006C39CE /* Images.xcassets */; };
		78577BD21BABCA80006C39CE /* LaunchScreen.xib in Resources */ = {isa = PBXBuildFile; fileRef = 78577BD01BABCA80006C39CE /* LaunchScreen.xib */; };
		78577BDE1BABCA80006C39CE /* tuangouTests.m in Sources */ = {isa = PBXBuildFile; fileRef = 78577BDD1BABCA80006C39CE /* tuangouTests.m */; };
		78577BE81BABCAB8006C39CE /* tgs.plist in Resources */ = {isa = PBXBuildFile; fileRef = 78577BE71BABCAB8006C39CE /* tgs.plist */; };
		78577BEB1BABCB6F006C39CE /* Product.m in Sources */ = {isa = PBXBuildFile; fileRef = 78577BEA1BABCB6F006C39CE /* Product.m */; };
		78577BED1BABD5FF006C39CE /* TgCell.xib in Resources */ = {isa = PBXBuildFile; fileRef = 78577BEC1BABD5FF006C39CE /* TgCell.xib */; };
		78577BF01BABE82D006C39CE /* TgCell.m in Sources */ = {isa = PBXBuildFile; fileRef = 78577BEF1BABE82D006C39CE /* TgCell.m */; };
		78577BF21BABFA78006C39CE /* FooterView.xib in Resources */ = {isa = PBXBuildFile; fileRef = 78577BF11BABFA78006C39CE /* FooterView.xib */; };
		78577BF51BAC0551006C39CE /* FooterView.m in Sources */ = {isa = PBXBuildFile; fileRef = 78577BF41BAC0551006C39CE /* FooterView.m */; };
		78577BF71BAC2DAD006C39CE /* HeaderView.xib in Resources */ = {isa = PBXBuildFile; fileRef = 78577BF61BAC2DAD006C39CE /* HeaderView.xib */; };
		78577BFA1BAC2FB8006C39CE /* HeaderView.m in Sources */ = {isa = PBXBuildFile; fileRef = 78577BF91BAC2FB8006C39CE /* HeaderView.m */; };
/* End PBXBuildFile section */

/* Begin PBXContainerItemProxy section */
		78577BD81BABCA80006C39CE /* PBXContainerItemProxy */ = {
			isa = PBXContainerItemProxy;
			containerPortal = 78577BB61BABCA80006C39CE /* Project object */;
			proxyType = 1;
			remoteGlobalIDString = 78577BBD1BABCA80006C39CE;
			remoteInfo = tuangou;
		};
/* End PBXContainerItemProxy section */

/* Begin PBXFileReference section */
		78577BBE1BABCA80006C39CE /* tuangou.app */ = {isa = PBXFileReference; explicitFileType = wrapper.application; includeInIndex = 0; path = tuangou.app; sourceTree = BUILT_PRODUCTS_DIR; };
		78577BC21BABCA80006C39CE /* Info.plist */ = {isa = PBXFileReference; lastKnownFileType = text.plist.xml; path = Info.plist; sourceTree = "<group>"; };
		78577BC31BABCA80006C39CE /* main.m */ = {isa = PBXFileReference; lastKnownFileType = sourcecode.c.objc; path = main.m; sourceTree = "<group>"; };
		78577BC51BABCA80006C39CE /* AppDelegate.h */ = {isa = PBXFileReference; lastKnownFileType = sourcecode.c.h; path = AppDelegate.h; sourceTree = "<group>"; };
		78577BC61BABCA80006C39CE /* AppDelegate.m */ = {isa = PBXFileReference; lastKnownFileType = sourcecode.c.objc; path = AppDelegate.m; sourceTree = "<group>"; };
		78577BC81BABCA80006C39CE /* ViewController.h */ = {isa = PBXFileReference; lastKnownFileType = sourcecode.c.h; path = ViewController.h; sourceTree = "<group>"; };
		78577BC91BABCA80006C39CE /* ViewController.m */ = {isa = PBXFileReference; lastKnownFileType = sourcecode.c.objc; path = ViewController.m; sourceTree = "<group>"; };
		78577BCC1BABCA80006C39CE /* Base */ = {isa = PBXFileReference; lastKnownFileType = file.storyboard; name = Base; path = Base.lproj/Main.storyboard; sourceTree = "<group>"; };
		78577BCE1BABCA80006C39CE /* Images.xcassets */ = {isa = PBXFileReference; lastKnownFileType = folder.assetcatalog; path = Images.xcassets; sourceTree = "<group>"; };
		78577BD11BABCA80006C39CE /* Base */ = {isa = PBXFileReference; lastKnownFileType = file.xib; name = Base; path = Base.lproj/LaunchScreen.xib; sourceTree = "<group>"; };
		78577BD71BABCA80006C39CE /* tuangouTests.xctest */ = {isa = PBXFileReference; explicitFileType = wrapper.cfbundle; includeInIndex = 0; path = tuangouTests.xctest; sourceTree = BUILT_PRODUCTS_DIR; };
		78577BDC1BABCA80006C39CE /* Info.plist */ = {isa = PBXFileReference; lastKnownFileType = text.plist.xml; path = Info.plist; sourceTree = "<group>"; };
		78577BDD1BABCA80006C39CE /* tuangouTests.m */ = {isa = PBXFileReference; lastKnownFileType = sourcecode.c.objc; path = tuangouTests.m; sourceTree = "<group>"; };
		78577BE71BABCAB8006C39CE /* tgs.plist */ = {isa = PBXFileReference; fileEncoding = 4; lastKnownFileType = text.plist.xml; path = tgs.plist; sourceTree = "<group>"; };
		78577BE91BABCB6F006C39CE /* Product.h */ = {isa = PBXFileReference; fileEncoding = 4; lastKnownFileType = sourcecode.c.h; path = Product.h; sourceTree = "<group>"; };
		78577BEA1BABCB6F006C39CE /* Product.m */ = {isa = PBXFileReference; fileEncoding = 4; lastKnownFileType = sourcecode.c.objc; path = Product.m; sourceTree = "<group>"; };
		78577BEC1BABD5FF006C39CE /* TgCell.xib */ = {isa = PBXFileReference; fileEncoding = 4; lastKnownFileType = file.xib; path = TgCell.xib; sourceTree = "<group>"; };
		78577BEE1BABE82D006C39CE /* TgCell.h */ = {isa = PBXFileReference; fileEncoding = 4; lastKnownFileType = sourcecode.c.h; path = TgCell.h; sourceTree = "<group>"; };
		78577BEF1BABE82D006C39CE /* TgCell.m */ = {isa = PBXFileReference; fileEncoding = 4; lastKnownFileType = sourcecode.c.objc; path = TgCell.m; sourceTree = "<group>"; };
		78577BF11BABFA78006C39CE /* FooterView.xib */ = {isa = PBXFileReference; fileEncoding = 4; lastKnownFileType = file.xib; path = FooterView.xib; sourceTree = "<group>"; };
		78577BF31BAC0551006C39CE /* FooterView.h */ = {isa = PBXFileReference; fileEncoding = 4; lastKnownFileType = sourcecode.c.h; path = FooterView.h; sourceTree = "<group>"; };
		78577BF41BAC0551006C39CE /* FooterView.m */ = {isa = PBXFileReference; fileEncoding = 4; lastKnownFileType = sourcecode.c.objc; path = FooterView.m; sourceTree = "<group>"; };
		78577BF61BAC2DAD006C39CE /* HeaderView.xib */ = {isa = PBXFileReference; fileEncoding = 4; lastKnownFileType = file.xib; path = HeaderView.xib; sourceTree = "<group>"; };
		78577BF81BAC2FB8006C39CE /* HeaderView.h */ = {isa = PBXFileReference; fileEncoding = 4; lastKnownFileType = sourcecode.c.h; path = HeaderView.h; sourceTree = "<group>"; };
		78577BF91BAC2FB8006C39CE /* HeaderView.m */ = {isa = PBXFileReference; fileEncoding = 4; lastKnownFileType = sourcecode.c.objc; path = HeaderView.m; sourceTree = "<group>"; };
/* End PBXFileReference section */

/* Begin PBXFrameworksBuildPhase section */
		78577BBB1BABCA80006C39CE /* Frameworks */ = {
			isa = PBXFrameworksBuildPhase;
			buildActionMask = 2147483647;
			files = (
			);
			runOnlyForDeploymentPostprocessing = 0;
		};
		78577BD41BABCA80006C39CE /* Frameworks */ = {
			isa = PBXFrameworksBuildPhase;
			buildActionMask = 2147483647;
			files = (
			);
			runOnlyForDeploymentPostprocessing = 0;
		};
/* End PBXFrameworksBuildPhase section */

/* Begin PBXGroup section */
		78577BB51BABCA80006C39CE = {
			isa = PBXGroup;
			children = (
				78577BC01BABCA80006C39CE /* tuangou */,
				78577BDA1BABCA80006C39CE /* tuangouTests */,
				78577BBF1BABCA80006C39CE /* Products */,
			);
			sourceTree = "<group>";
		};
		78577BBF1BABCA80006C39CE /* Products */ = {
			isa = PBXGroup;
			children = (
				78577BBE1BABCA80006C39CE /* tuangou.app */,
				78577BD71BABCA80006C39CE /* tuangouTests.xctest */,
			);
			name = Products;
			sourceTree = "<group>";
		};
		78577BC01BABCA80006C39CE /* tuangou */ = {
			isa = PBXGroup;
			children = (
				78577BC51BABCA80006C39CE /* AppDelegate.h */,
				78577BC61BABCA80006C39CE /* AppDelegate.m */,
				78577BC81BABCA80006C39CE /* ViewController.h */,
				78577BC91BABCA80006C39CE /* ViewController.m */,
				78577BE91BABCB6F006C39CE /* Product.h */,
				78577BEA1BABCB6F006C39CE /* Product.m */,
				78577BCB1BABCA80006C39CE /* Main.storyboard */,
				78577BEC1BABD5FF006C39CE /* TgCell.xib */,
				78577BEE1BABE82D006C39CE /* TgCell.h */,
				78577BEF1BABE82D006C39CE /* TgCell.m */,
				78577BF11BABFA78006C39CE /* FooterView.xib */,
				78577BF31BAC0551006C39CE /* FooterView.h */,
				78577BF41BAC0551006C39CE /* FooterView.m */,
				78577BF61BAC2DAD006C39CE /* HeaderView.xib */,
				78577BF81BAC2FB8006C39CE /* HeaderView.h */,
				78577BF91BAC2FB8006C39CE /* HeaderView.m */,
				78577BCE1BABCA80006C39CE /* Images.xcassets */,
				78577BD01BABCA80006C39CE /* LaunchScreen.xib */,
				78577BC11BABCA80006C39CE /* Supporting Files */,
			);
			path = tuangou;
			sourceTree = "<group>";
		};
		78577BC11BABCA80006C39CE /* Supporting Files */ = {
			isa = PBXGroup;
			children = (
				78577BE71BABCAB8006C39CE /* tgs.plist */,
				78577BC21BABCA80006C39CE /* Info.plist */,
				78577BC31BABCA80006C39CE /* main.m */,
			);
			name = "Supporting Files";
			sourceTree = "<group>";
		};
		78577BDA1BABCA80006C39CE /* tuangouTests */ = {
			isa = PBXGroup;
			children = (
				78577BDD1BABCA80006C39CE /* tuangouTests.m */,
				78577BDB1BABCA80006C39CE /* Supporting Files */,
			);
			path = tuangouTests;
			sourceTree = "<group>";
		};
		78577BDB1BABCA80006C39CE /* Supporting Files */ = {
			isa = PBXGroup;
			children = (
				78577BDC1BABCA80006C39CE /* Info.plist */,
			);
			name = "Supporting Files";
			sourceTree = "<group>";
		};
/* End PBXGroup section */

/* Begin PBXNativeTarget section */
		78577BBD1BABCA80006C39CE /* tuangou */ = {
			isa = PBXNativeTarget;
			buildConfigurationList = 78577BE11BABCA80006C39CE /* Build configuration list for PBXNativeTarget "tuangou" */;
			buildPhases = (
				78577BBA1BABCA80006C39CE /* Sources */,
				78577BBB1BABCA80006C39CE /* Frameworks */,
				78577BBC1BABCA80006C39CE /* Resources */,
			);
			buildRules = (
			);
			dependencies = (
			);
			name = tuangou;
			productName = tuangou;
			productReference = 78577BBE1BABCA80006C39CE /* tuangou.app */;
			productType = "com.apple.product-type.application";
		};
		78577BD61BABCA80006C39CE /* tuangouTests */ = {
			isa = PBXNativeTarget;
			buildConfigurationList = 78577BE41BABCA80006C39CE /* Build configuration list for PBXNativeTarget "tuangouTests" */;
			buildPhases = (
				78577BD31BABCA80006C39CE /* Sources */,
				78577BD41BABCA80006C39CE /* Frameworks */,
				78577BD51BABCA80006C39CE /* Resources */,
			);
			buildRules = (
			);
			dependencies = (
				78577BD91BABCA80006C39CE /* PBXTargetDependency */,
			);
			name = tuangouTests;
			productName = tuangouTests;
			productReference = 78577BD71BABCA80006C39CE /* tuangouTests.xctest */;
			productType = "com.apple.product-type.bundle.unit-test";
		};
/* End PBXNativeTarget section */

/* Begin PBXProject section */
		78577BB61BABCA80006C39CE /* Project object */ = {
			isa = PBXProject;
			attributes = {
				LastUpgradeCheck = 0620;
				ORGANIZATIONNAME = zugatech;
				TargetAttributes = {
					78577BBD1BABCA80006C39CE = {
						CreatedOnToolsVersion = 6.2;
					};
					78577BD61BABCA80006C39CE = {
						CreatedOnToolsVersion = 6.2;
						TestTargetID = 78577BBD1BABCA80006C39CE;
					};
				};
			};
			buildConfigurationList = 78577BB91BABCA80006C39CE /* Build configuration list for PBXProject "tuangou" */;
			compatibilityVersion = "Xcode 3.2";
			developmentRegion = English;
			hasScannedForEncodings = 0;
			knownRegions = (
				en,
				Base,
			);
			mainGroup = 78577BB51BABCA80006C39CE;
			productRefGroup = 78577BBF1BABCA80006C39CE /* Products */;
			projectDirPath = "";
			projectRoot = "";
			targets = (
				78577BBD1BABCA80006C39CE /* tuangou */,
				78577BD61BABCA80006C39CE /* tuangouTests */,
			);
		};
/* End PBXProject section */

/* Begin PBXResourcesBuildPhase section */
		78577BBC1BABCA80006C39CE /* Resources */ = {
			isa = PBXResourcesBuildPhase;
			buildActionMask = 2147483647;
			files = (
				78577BCD1BABCA80006C39CE /* Main.storyboard in Resources */,
				78577BF21BABFA78006C39CE /* FooterView.xib in Resources */,
				78577BE81BABCAB8006C39CE /* tgs.plist in Resources */,
				78577BED1BABD5FF006C39CE /* TgCell.xib in Resources */,
				78577BD21BABCA80006C39CE /* LaunchScreen.xib in Resources */,
				78577BCF1BABCA80006C39CE /* Images.xcassets in Resources */,
				78577BF71BAC2DAD006C39CE /* HeaderView.xib in Resources */,
			);
			runOnlyForDeploymentPostprocessing = 0;
		};
		78577BD51BABCA80006C39CE /* Resources */ = {
			isa = PBXResourcesBuildPhase;
			buildActionMask = 2147483647;
			files = (
			);
			runOnlyForDeploymentPostprocessing = 0;
		};
/* End PBXResourcesBuildPhase section */

/* Begin PBXSourcesBuildPhase section */
		78577BBA1BABCA80006C39CE /* Sources */ = {
			isa = PBXSourcesBuildPhase;
			buildActionMask = 2147483647;
			files = (
				78577BFA1BAC2FB8006C39CE /* HeaderView.m in Sources */,
				78577BCA1BABCA80006C39CE /* ViewController.m in Sources */,
				78577BEB1BABCB6F006C39CE /* Product.m in Sources */,
				78577BC71BABCA80006C39CE /* AppDelegate.m in Sources */,
				78577BF51BAC0551006C39CE /* FooterView.m in Sources */,
				78577BF01BABE82D006C39CE /* TgCell.m in Sources */,
				78577BC41BABCA80006C39CE /* main.m in Sources */,
			);
			runOnlyForDeploymentPostprocessing = 0;
		};
		78577BD31BABCA80006C39CE /* Sources */ = {
			isa = PBXSourcesBuildPhase;
			buildActionMask = 2147483647;
			files = (
				78577BDE1BABCA80006C39CE /* tuangouTests.m in Sources */,
			);
			runOnlyForDeploymentPostprocessing = 0;
		};
/* End PBXSourcesBuildPhase section */

/* Begin PBXTargetDependency section */
		78577BD91BABCA80006C39CE /* PBXTargetDependency */ = {
			isa = PBXTargetDependency;
			target = 78577BBD1BABCA80006C39CE /* tuangou */;
			targetProxy = 78577BD81BABCA80006C39CE /* PBXContainerItemProxy */;
		};
/* End PBXTargetDependency section */

/* Begin PBXVariantGroup section */
		78577BCB1BABCA80006C39CE /* Main.storyboard */ = {
			isa = PBXVariantGroup;
			children = (
				78577BCC1BABCA80006C39CE /* Base */,
			);
			name = Main.storyboard;
			sourceTree = "<group>";
		};
		78577BD01BABCA80006C39CE /* LaunchScreen.xib */ = {
			isa = PBXVariantGroup;
			children = (
				78577BD11BABCA80006C39CE /* Base */,
			);
			name = LaunchScreen.xib;
			sourceTree = "<group>";
		};
/* End PBXVariantGroup section */

/* Begin XCBuildConfiguration section */
		78577BDF1BABCA80006C39CE /* Debug */ = {
			isa = XCBuildConfiguration;
			buildSettings = {
				ALWAYS_SEARCH_USER_PATHS = NO;
				CLANG_CXX_LANGUAGE_STANDARD = "gnu++0x";
				CLANG_CXX_LIBRARY = "libc++";
				CLANG_ENABLE_MODULES = YES;
				CLANG_ENABLE_OBJC_ARC = YES;
				CLANG_WARN_BOOL_CONVERSION = YES;
				CLANG_WARN_CONSTANT_CONVERSION = YES;
				CLANG_WARN_DIRECT_OBJC_ISA_USAGE = YES_ERROR;
				CLANG_WARN_EMPTY_BODY = YES;
				CLANG_WARN_ENUM_CONVERSION = YES;
				CLANG_WARN_INT_CONVERSION = YES;
				CLANG_WARN_OBJC_ROOT_CLASS = YES_ERROR;
				CLANG_WARN_UNREACHABLE_CODE = YES;
				CLANG_WARN__DUPLICATE_METHOD_MATCH = YES;
				"CODE_SIGN_IDENTITY[sdk=iphoneos*]" = "iPhone Developer";
				COPY_PHASE_STRIP = NO;
				ENABLE_STRICT_OBJC_MSGSEND = YES;
				GCC_C_LANGUAGE_STANDARD = gnu99;
				GCC_DYNAMIC_NO_PIC = NO;
				GCC_OPTIMIZATION_LEVEL = 0;
				GCC_PREPROCESSOR_DEFINITIONS = (
					"DEBUG=1",
					"$(inherited)",
				);
				GCC_SYMBOLS_PRIVATE_EXTERN = NO;
				GCC_WARN_64_TO_32_BIT_CONVERSION = YES;
				GCC_WARN_ABOUT_RETURN_TYPE = YES_ERROR;
				GCC_WARN_UNDECLARED_SELECTOR = YES;
				GCC_WARN_UNINITIALIZED_AUTOS = YES_AGGRESSIVE;
				GCC_WARN_UNUSED_FUNCTION = YES;
				GCC_WARN_UNUSED_VARIABLE = YES;
				IPHONEOS_DEPLOYMENT_TARGET = 8.2;
				MTL_ENABLE_DEBUG_INFO = YES;
				ONLY_ACTIVE_ARCH = YES;
				SDKROOT = iphoneos;
			};
			name = Debug;
		};
		78577BE01BABCA80006C39CE /* Release */ = {
			isa = XCBuildConfiguration;
			buildSettings = {
				ALWAYS_SEARCH_USER_PATHS = NO;
				CLANG_CXX_LANGUAGE_STANDARD = "gnu++0x";
				CLANG_CXX_LIBRARY = "libc++";
				CLANG_ENABLE_MODULES = YES;
				CLANG_ENABLE_OBJC_ARC = YES;
				CLANG_WARN_BOOL_CONVERSION = YES;
				CLANG_WARN_CONSTANT_CONVERSION = YES;
				CLANG_WARN_DIRECT_OBJC_ISA_USAGE = YES_ERROR;
				CLANG_WARN_EMPTY_BODY = YES;
				CLANG_WARN_ENUM_CONVERSION = YES;
				CLANG_WARN_INT_CONVERSION = YES;
				CLANG_WARN_OBJC_ROOT_CLASS = YES_ERROR;
				CLANG_WARN_UNREACHABLE_CODE = YES;
				CLANG_WARN__DUPLICATE_METHOD_MATCH = YES;
				"CODE_SIGN_IDENTITY[sdk=iphoneos*]" = "iPhone Developer";
				COPY_PHASE_STRIP = NO;
				ENABLE_NS_ASSERTIONS = NO;
				ENABLE_STRICT_OBJC_MSGSEND = YES;
				GCC_C_LANGUAGE_STANDARD = gnu99;
				GCC_WARN_64_TO_32_BIT_CONVERSION = YES;
				GCC_WARN_ABOUT_RETURN_TYPE = YES_ERROR;
				GCC_WARN_UNDECLARED_SELECTOR = YES;
				GCC_WARN_UNINITIALIZED_AUTOS = YES_AGGRESSIVE;
				GCC_WARN_UNUSED_FUNCTION = YES;
				GCC_WARN_UNUSED_VARIABLE = YES;
				IPHONEOS_DEPLOYMENT_TARGET = 8.2;
				MTL_ENABLE_DEBUG_INFO = NO;
				SDKROOT = iphoneos;
				VALIDATE_PRODUCT = YES;
			};
			name = Release;
		};
		78577BE21BABCA80006C39CE /* Debug */ = {
			isa = XCBuildConfiguration;
			buildSettings = {
				ASSETCATALOG_COMPILER_APPICON_NAME = AppIcon;
				INFOPLIST_FILE = tuangou/Info.plist;
				LD_RUNPATH_SEARCH_PATHS = "$(inherited) @executable_path/Frameworks";
				PRODUCT_NAME = "$(TARGET_NAME)";
			};
			name = Debug;
		};
		78577BE31BABCA80006C39CE /* Release */ = {
			isa = XCBuildConfiguration;
			buildSettings = {
				ASSETCATALOG_COMPILER_APPICON_NAME = AppIcon;
				INFOPLIST_FILE = tuangou/Info.plist;
				LD_RUNPATH_SEARCH_PATHS = "$(inherited) @executable_path/Frameworks";
				PRODUCT_NAME = "$(TARGET_NAME)";
			};
			name = Release;
		};
		78577BE51BABCA80006C39CE /* Debug */ = {
			isa = XCBuildConfiguration;
			buildSettings = {
				BUNDLE_LOADER = "$(TEST_HOST)";
				FRAMEWORK_SEARCH_PATHS = (
					"$(SDKROOT)/Developer/Library/Frameworks",
					"$(inherited)",
				);
				GCC_PREPROCESSOR_DEFINITIONS = (
					"DEBUG=1",
					"$(inherited)",
				);
				INFOPLIST_FILE = tuangouTests/Info.plist;
				LD_RUNPATH_SEARCH_PATHS = "$(inherited) @executable_path/Frameworks @loader_path/Frameworks";
				PRODUCT_NAME = "$(TARGET_NAME)";
				TEST_HOST = "$(BUILT_PRODUCTS_DIR)/tuangou.app/tuangou";
			};
			name = Debug;
		};
		78577BE61BABCA80006C39CE /* Release */ = {
			isa = XCBuildConfiguration;
			buildSettings = {
				BUNDLE_LOADER = "$(TEST_HOST)";
				FRAMEWORK_SEARCH_PATHS = (
					"$(SDKROOT)/Developer/Library/Frameworks",
					"$(inherited)",
				);
				INFOPLIST_FILE = tuangouTests/Info.plist;
				LD_RUNPATH_SEARCH_PATHS = "$(inherited) @executable_path/Frameworks @loader_path/Frameworks";
				PRODUCT_NAME = "$(TARGET_NAME)";
				TEST_HOST = "$(BUILT_PRODUCTS_DIR)/tuangou.app/tuangou";
			};
			name = Release;
		};
/* End XCBuildConfiguration section */

/* Begin XCConfigurationList section */
		78577BB91BABCA80006C39CE /* Build configuration list for PBXProject "tuangou" */ = {
			isa = XCConfigurationList;
			buildConfigurations = (
				78577BDF1BABCA80006C39CE /* Debug */,
				78577BE01BABCA80006C39CE /* Release */,
			);
			defaultConfigurationIsVisible = 0;
			defaultConfigurationName = Release;
		};
		78577BE11BABCA80006C39CE /* Build configuration list for PBXNativeTarget "tuangou" */ = {
			isa = XCConfigurationList;
			buildConfigurations = (
				78577BE21BABCA80006C39CE /* Debug */,
				78577BE31BABCA80006C39CE /* Release */,
			);
			defaultConfigurationIsVisible = 0;
		};
		78577BE41BABCA80006C39CE /* Build configuration list for PBXNativeTarget "tuangouTests" */ = {
			isa = XCConfigurationList;
			buildConfigurations = (
				78577BE51BABCA80006C39CE /* Debug */,
				78577BE61BABCA80006C39CE /* Release */,
			);
			defaultConfigurationIsVisible = 0;
		};
/* End XCConfigurationList section */
	};
	rootObject = 78577BB61BABCA80006C39CE /* Project object */;
}
