// !$*UTF8*$!
{
	archiveVersion = 1;
	classes = {
	};
	objectVersion = 46;
	objects = {

/* Begin PBXBuildFile section */
		7892F92C1ADB66950001E13C /* main.m in Sources */ = {isa = PBXBuildFile; fileRef = 7892F92B1ADB66950001E13C /* main.m */; };
		7892F9341ADB67700001E13C /* Student.m in Sources */ = {isa = PBXBuildFile; fileRef = 7892F9331ADB67700001E13C /* Student.m */; };
		7892F9371ADB6A3D0001E13C /* Student+Test.m in Sources */ = {isa = PBXBuildFile; fileRef = 7892F9361ADB6A3D0001E13C /* Student+Test.m */; };
		7892F93A1ADB6E750001E13C /* NSString+JSON.m in Sources */ = {isa = PBXBuildFile; fileRef = 7892F9391ADB6E750001E13C /* NSString+JSON.m */; };
/* End PBXBuildFile section */

/* Begin PBXCopyFilesBuildPhase section */
		7892F9261ADB66950001E13C /* CopyFiles */ = {
			isa = PBXCopyFilesBuildPhase;
			buildActionMask = 2147483647;
			dstPath = /usr/share/man/man1/;
			dstSubfolderSpec = 0;
			files = (
			);
			runOnlyForDeploymentPostprocessing = 1;
		};
/* End PBXCopyFilesBuildPhase section */

/* Begin PBXFileReference section */
		7892F9281ADB66950001E13C /* gategory */ = {isa = PBXFileReference; explicitFileType = "compiled.mach-o.executable"; includeInIndex = 0; path = gategory; sourceTree = BUILT_PRODUCTS_DIR; };
		7892F92B1ADB66950001E13C /* main.m */ = {isa = PBXFileReference; lastKnownFileType = sourcecode.c.objc; path = main.m; sourceTree = "<group>"; };
		7892F9321ADB67700001E13C /* Student.h */ = {isa = PBXFileReference; fileEncoding = 4; lastKnownFileType = sourcecode.c.h; path = Student.h; sourceTree = "<group>"; };
		7892F9331ADB67700001E13C /* Student.m */ = {isa = PBXFileReference; fileEncoding = 4; lastKnownFileType = sourcecode.c.objc; path = Student.m; sourceTree = "<group>"; };
		7892F9351ADB6A3D0001E13C /* Student+Test.h */ = {isa = PBXFileReference; fileEncoding = 4; lastKnownFileType = sourcecode.c.h; path = "Student+Test.h"; sourceTree = "<group>"; };
		7892F9361ADB6A3D0001E13C /* Student+Test.m */ = {isa = PBXFileReference; fileEncoding = 4; lastKnownFileType = sourcecode.c.objc; path = "Student+Test.m"; sourceTree = "<group>"; };
		7892F9381ADB6E750001E13C /* NSString+JSON.h */ = {isa = PBXFileReference; fileEncoding = 4; lastKnownFileType = sourcecode.c.h; path = "NSString+JSON.h"; sourceTree = "<group>"; };
		7892F9391ADB6E750001E13C /* NSString+JSON.m */ = {isa = PBXFileReference; fileEncoding = 4; lastKnownFileType = sourcecode.c.objc; path = "NSString+JSON.m"; sourceTree = "<group>"; };
/* End PBXFileReference section */

/* Begin PBXFrameworksBuildPhase section */
		7892F9251ADB66950001E13C /* Frameworks */ = {
			isa = PBXFrameworksBuildPhase;
			buildActionMask = 2147483647;
			files = (
			);
			runOnlyForDeploymentPostprocessing = 0;
		};
/* End PBXFrameworksBuildPhase section */

/* Begin PBXGroup section */
		7892F91F1ADB66950001E13C = {
			isa = PBXGroup;
			children = (
				7892F92A1ADB66950001E13C /* gategory */,
				7892F9291ADB66950001E13C /* Products */,
			);
			sourceTree = "<group>";
		};
		7892F9291ADB66950001E13C /* Products */ = {
			isa = PBXGroup;
			children = (
				7892F9281ADB66950001E13C /* gategory */,
			);
			name = Products;
			sourceTree = "<group>";
		};
		7892F92A1ADB66950001E13C /* gategory */ = {
			isa = PBXGroup;
			children = (
				7892F92B1ADB66950001E13C /* main.m */,
				7892F9321ADB67700001E13C /* Student.h */,
				7892F9331ADB67700001E13C /* Student.m */,
				7892F9351ADB6A3D0001E13C /* Student+Test.h */,
				7892F9361ADB6A3D0001E13C /* Student+Test.m */,
				7892F9381ADB6E750001E13C /* NSString+JSON.h */,
				7892F9391ADB6E750001E13C /* NSString+JSON.m */,
			);
			path = gategory;
			sourceTree = "<group>";
		};
/* End PBXGroup section */

/* Begin PBXNativeTarget section */
		7892F9271ADB66950001E13C /* gategory */ = {
			isa = PBXNativeTarget;
			buildConfigurationList = 7892F92F1ADB66950001E13C /* Build configuration list for PBXNativeTarget "gategory" */;
			buildPhases = (
				7892F9241ADB66950001E13C /* Sources */,
				7892F9251ADB66950001E13C /* Frameworks */,
				7892F9261ADB66950001E13C /* CopyFiles */,
			);
			buildRules = (
			);
			dependencies = (
			);
			name = gategory;
			productName = gategory;
			productReference = 7892F9281ADB66950001E13C /* gategory */;
			productType = "com.apple.product-type.tool";
		};
/* End PBXNativeTarget section */

/* Begin PBXProject section */
		7892F9201ADB66950001E13C /* Project object */ = {
			isa = PBXProject;
			attributes = {
				LastUpgradeCheck = 0620;
				ORGANIZATIONNAME = pcbeta;
				TargetAttributes = {
					7892F9271ADB66950001E13C = {
						CreatedOnToolsVersion = 6.2;
					};
				};
			};
			buildConfigurationList = 7892F9231ADB66950001E13C /* Build configuration list for PBXProject "gategory" */;
			compatibilityVersion = "Xcode 3.2";
			developmentRegion = English;
			hasScannedForEncodings = 0;
			knownRegions = (
				en,
			);
			mainGroup = 7892F91F1ADB66950001E13C;
			productRefGroup = 7892F9291ADB66950001E13C /* Products */;
			projectDirPath = "";
			projectRoot = "";
			targets = (
				7892F9271ADB66950001E13C /* gategory */,
			);
		};
/* End PBXProject section */

/* Begin PBXSourcesBuildPhase section */
		7892F9241ADB66950001E13C /* Sources */ = {
			isa = PBXSourcesBuildPhase;
			buildActionMask = 2147483647;
			files = (
				7892F92C1ADB66950001E13C /* main.m in Sources */,
				7892F9371ADB6A3D0001E13C /* Student+Test.m in Sources */,
				7892F9341ADB67700001E13C /* Student.m in Sources */,
				7892F93A1ADB6E750001E13C /* NSString+JSON.m in Sources */,
			);
			runOnlyForDeploymentPostprocessing = 0;
		};
/* End PBXSourcesBuildPhase section */

/* Begin XCBuildConfiguration section */
		7892F92D1ADB66950001E13C /* Debug */ = {
			isa = XCBuildConfiguration;
			buildSettings = {
				ALWAYS_SEARCH_USER_PATHS = NO;
				CLANG_CXX_LANGUAGE_STANDARD = "gnu++0x";
				CLANG_CXX_LIBRARY = "libc++";
				CLANG_ENABLE_MODULES = YES;
				CLANG_ENABLE_OBJC_ARC = YES;
				CLANG_WARN_BOOL_CONVERSION = YES;
				CLANG_WARN_CONSTANT_CONVERSION = YES;
				CLANG_WARN_DIRECT_OBJC_ISA_USAGE = YES_ERROR;
				CLANG_WARN_EMPTY_BODY = YES;
				CLANG_WARN_ENUM_CONVERSION = YES;
				CLANG_WARN_INT_CONVERSION = YES;
				CLANG_WARN_OBJC_ROOT_CLASS = YES_ERROR;
				CLANG_WARN_UNREACHABLE_CODE = YES;
				CLANG_WARN__DUPLICATE_METHOD_MATCH = YES;
				COPY_PHASE_STRIP = NO;
				ENABLE_STRICT_OBJC_MSGSEND = YES;
				GCC_C_LANGUAGE_STANDARD = gnu99;
				GCC_DYNAMIC_NO_PIC = NO;
				GCC_OPTIMIZATION_LEVEL = 0;
				GCC_PREPROCESSOR_DEFINITIONS = (
					"DEBUG=1",
					"$(inherited)",
				);
				GCC_SYMBOLS_PRIVATE_EXTERN = NO;
				GCC_WARN_64_TO_32_BIT_CONVERSION = YES;
				GCC_WARN_ABOUT_RETURN_TYPE = YES_ERROR;
				GCC_WARN_UNDECLARED_SELECTOR = YES;
				GCC_WARN_UNINITIALIZED_AUTOS = YES_AGGRESSIVE;
				GCC_WARN_UNUSED_FUNCTION = YES;
				GCC_WARN_UNUSED_VARIABLE = YES;
				MACOSX_DEPLOYMENT_TARGET = 10.9;
				MTL_ENABLE_DEBUG_INFO = YES;
				ONLY_ACTIVE_ARCH = YES;
				SDKROOT = macosx;
			};
			name = Debug;
		};
		7892F92E1ADB66950001E13C /* Release */ = {
			isa = XCBuildConfiguration;
			buildSettings = {
				ALWAYS_SEARCH_USER_PATHS = NO;
				CLANG_CXX_LANGUAGE_STANDARD = "gnu++0x";
				CLANG_CXX_LIBRARY = "libc++";
				CLANG_ENABLE_MODULES = YES;
				CLANG_ENABLE_OBJC_ARC = YES;
				CLANG_WARN_BOOL_CONVERSION = YES;
				CLANG_WARN_CONSTANT_CONVERSION = YES;
				CLANG_WARN_DIRECT_OBJC_ISA_USAGE = YES_ERROR;
				CLANG_WARN_EMPTY_BODY = YES;
				CLANG_WARN_ENUM_CONVERSION = YES;
				CLANG_WARN_INT_CONVERSION = YES;
				CLANG_WARN_OBJC_ROOT_CLASS = YES_ERROR;
				CLANG_WARN_UNREACHABLE_CODE = YES;
				CLANG_WARN__DUPLICATE_METHOD_MATCH = YES;
				COPY_PHASE_STRIP = NO;
				DEBUG_INFORMATION_FORMAT = "dwarf-with-dsym";
				ENABLE_NS_ASSERTIONS = NO;
				ENABLE_STRICT_OBJC_MSGSEND = YES;
				GCC_C_LANGUAGE_STANDARD = gnu99;
				GCC_WARN_64_TO_32_BIT_CONVERSION = YES;
				GCC_WARN_ABOUT_RETURN_TYPE = YES_ERROR;
				GCC_WARN_UNDECLARED_SELECTOR = YES;
				GCC_WARN_UNINITIALIZED_AUTOS = YES_AGGRESSIVE;
				GCC_WARN_UNUSED_FUNCTION = YES;
				GCC_WARN_UNUSED_VARIABLE = YES;
				MACOSX_DEPLOYMENT_TARGET = 10.9;
				MTL_ENABLE_DEBUG_INFO = NO;
				SDKROOT = macosx;
			};
			name = Release;
		};
		7892F9301ADB66950001E13C /* Debug */ = {
			isa = XCBuildConfiguration;
			buildSettings = {
				PRODUCT_NAME = "$(TARGET_NAME)";
			};
			name = Debug;
		};
		7892F9311ADB66950001E13C /* Release */ = {
			isa = XCBuildConfiguration;
			buildSettings = {
				PRODUCT_NAME = "$(TARGET_NAME)";
			};
			name = Release;
		};
/* End XCBuildConfiguration section */

/* Begin XCConfigurationList section */
		7892F9231ADB66950001E13C /* Build configuration list for PBXProject "gategory" */ = {
			isa = XCConfigurationList;
			buildConfigurations = (
				7892F92D1ADB66950001E13C /* Debug */,
				7892F92E1ADB66950001E13C /* Release */,
			);
			defaultConfigurationIsVisible = 0;
			defaultConfigurationName = Release;
		};
		7892F92F1ADB66950001E13C /* Build configuration list for PBXNativeTarget "gategory" */ = {
			isa = XCConfigurationList;
			buildConfigurations = (
				7892F9301ADB66950001E13C /* Debug */,
				7892F9311ADB66950001E13C /* Release */,
			);
			defaultConfigurationIsVisible = 0;
		};
/* End XCConfigurationList section */
	};
	rootObject = 7892F9201ADB66950001E13C /* Project object */;
}
