// !$*UTF8*$!
{
	archiveVersion = 1;
	classes = {
	};
	objectVersion = 46;
	objects = {

/* Begin PBXBuildFile section */
		78AB85211ADA18A400722ACE /* main.m in Sources */ = {isa = PBXBuildFile; fileRef = 78AB85201ADA18A400722ACE /* main.m */; };
		78AB85291ADA18D400722ACE /* Book.m in Sources */ = {isa = PBXBuildFile; fileRef = 78AB85281ADA18D400722ACE /* Book.m */; };
		78AB852C1ADA18E300722ACE /* Student.m in Sources */ = {isa = PBXBuildFile; fileRef = 78AB852B1ADA18E300722ACE /* Student.m */; };
/* End PBXBuildFile section */

/* Begin PBXCopyFilesBuildPhase section */
		78AB851B1ADA18A400722ACE /* CopyFiles */ = {
			isa = PBXCopyFilesBuildPhase;
			buildActionMask = 2147483647;
			dstPath = /usr/share/man/man1/;
			dstSubfolderSpec = 0;
			files = (
			);
			runOnlyForDeploymentPostprocessing = 1;
		};
/* End PBXCopyFilesBuildPhase section */

/* Begin PBXFileReference section */
		78AB851D1ADA18A400722ACE /* @class */ = {isa = PBXFileReference; explicitFileType = "compiled.mach-o.executable"; includeInIndex = 0; path = "@class"; sourceTree = BUILT_PRODUCTS_DIR; };
		78AB85201ADA18A400722ACE /* main.m */ = {isa = PBXFileReference; lastKnownFileType = sourcecode.c.objc; path = main.m; sourceTree = "<group>"; };
		78AB85271ADA18D400722ACE /* Book.h */ = {isa = PBXFileReference; fileEncoding = 4; lastKnownFileType = sourcecode.c.h; path = Book.h; sourceTree = "<group>"; };
		78AB85281ADA18D400722ACE /* Book.m */ = {isa = PBXFileReference; fileEncoding = 4; lastKnownFileType = sourcecode.c.objc; path = Book.m; sourceTree = "<group>"; };
		78AB852A1ADA18E300722ACE /* Student.h */ = {isa = PBXFileReference; fileEncoding = 4; lastKnownFileType = sourcecode.c.h; path = Student.h; sourceTree = "<group>"; };
		78AB852B1ADA18E300722ACE /* Student.m */ = {isa = PBXFileReference; fileEncoding = 4; lastKnownFileType = sourcecode.c.objc; path = Student.m; sourceTree = "<group>"; };
/* End PBXFileReference section */

/* Begin PBXFrameworksBuildPhase section */
		78AB851A1ADA18A400722ACE /* Frameworks */ = {
			isa = PBXFrameworksBuildPhase;
			buildActionMask = 2147483647;
			files = (
			);
			runOnlyForDeploymentPostprocessing = 0;
		};
/* End PBXFrameworksBuildPhase section */

/* Begin PBXGroup section */
		78AB85141ADA18A400722ACE = {
			isa = PBXGroup;
			children = (
				78AB851F1ADA18A400722ACE /* @class */,
				78AB851E1ADA18A400722ACE /* Products */,
			);
			sourceTree = "<group>";
		};
		78AB851E1ADA18A400722ACE /* Products */ = {
			isa = PBXGroup;
			children = (
				78AB851D1ADA18A400722ACE /* @class */,
			);
			name = Products;
			sourceTree = "<group>";
		};
		78AB851F1ADA18A400722ACE /* @class */ = {
			isa = PBXGroup;
			children = (
				78AB85201ADA18A400722ACE /* main.m */,
				78AB85271ADA18D400722ACE /* Book.h */,
				78AB85281ADA18D400722ACE /* Book.m */,
				78AB852A1ADA18E300722ACE /* Student.h */,
				78AB852B1ADA18E300722ACE /* Student.m */,
			);
			path = "@class";
			sourceTree = "<group>";
		};
/* End PBXGroup section */

/* Begin PBXNativeTarget section */
		78AB851C1ADA18A400722ACE /* @class */ = {
			isa = PBXNativeTarget;
			buildConfigurationList = 78AB85241ADA18A400722ACE /* Build configuration list for PBXNativeTarget "@class" */;
			buildPhases = (
				78AB85191ADA18A400722ACE /* Sources */,
				78AB851A1ADA18A400722ACE /* Frameworks */,
				78AB851B1ADA18A400722ACE /* CopyFiles */,
			);
			buildRules = (
			);
			dependencies = (
			);
			name = "@class";
			productName = "@class";
			productReference = 78AB851D1ADA18A400722ACE /* @class */;
			productType = "com.apple.product-type.tool";
		};
/* End PBXNativeTarget section */

/* Begin PBXProject section */
		78AB85151ADA18A400722ACE /* Project object */ = {
			isa = PBXProject;
			attributes = {
				LastUpgradeCheck = 0620;
				ORGANIZATIONNAME = pcbeta;
				TargetAttributes = {
					78AB851C1ADA18A400722ACE = {
						CreatedOnToolsVersion = 6.2;
					};
				};
			};
			buildConfigurationList = 78AB85181ADA18A400722ACE /* Build configuration list for PBXProject "@class" */;
			compatibilityVersion = "Xcode 3.2";
			developmentRegion = English;
			hasScannedForEncodings = 0;
			knownRegions = (
				en,
			);
			mainGroup = 78AB85141ADA18A400722ACE;
			productRefGroup = 78AB851E1ADA18A400722ACE /* Products */;
			projectDirPath = "";
			projectRoot = "";
			targets = (
				78AB851C1ADA18A400722ACE /* @class */,
			);
		};
/* End PBXProject section */

/* Begin PBXSourcesBuildPhase section */
		78AB85191ADA18A400722ACE /* Sources */ = {
			isa = PBXSourcesBuildPhase;
			buildActionMask = 2147483647;
			files = (
				78AB85291ADA18D400722ACE /* Book.m in Sources */,
				78AB85211ADA18A400722ACE /* main.m in Sources */,
				78AB852C1ADA18E300722ACE /* Student.m in Sources */,
			);
			runOnlyForDeploymentPostprocessing = 0;
		};
/* End PBXSourcesBuildPhase section */

/* Begin XCBuildConfiguration section */
		78AB85221ADA18A400722ACE /* Debug */ = {
			isa = XCBuildConfiguration;
			buildSettings = {
				ALWAYS_SEARCH_USER_PATHS = NO;
				CLANG_CXX_LANGUAGE_STANDARD = "gnu++0x";
				CLANG_CXX_LIBRARY = "libc++";
				CLANG_ENABLE_MODULES = YES;
				CLANG_ENABLE_OBJC_ARC = YES;
				CLANG_WARN_BOOL_CONVERSION = YES;
				CLANG_WARN_CONSTANT_CONVERSION = YES;
				CLANG_WARN_DIRECT_OBJC_ISA_USAGE = YES_ERROR;
				CLANG_WARN_EMPTY_BODY = YES;
				CLANG_WARN_ENUM_CONVERSION = YES;
				CLANG_WARN_INT_CONVERSION = YES;
				CLANG_WARN_OBJC_ROOT_CLASS = YES_ERROR;
				CLANG_WARN_UNREACHABLE_CODE = YES;
				CLANG_WARN__DUPLICATE_METHOD_MATCH = YES;
				COPY_PHASE_STRIP = NO;
				ENABLE_STRICT_OBJC_MSGSEND = YES;
				GCC_C_LANGUAGE_STANDARD = gnu99;
				GCC_DYNAMIC_NO_PIC = NO;
				GCC_OPTIMIZATION_LEVEL = 0;
				GCC_PREPROCESSOR_DEFINITIONS = (
					"DEBUG=1",
					"$(inherited)",
				);
				GCC_SYMBOLS_PRIVATE_EXTERN = NO;
				GCC_WARN_64_TO_32_BIT_CONVERSION = YES;
				GCC_WARN_ABOUT_RETURN_TYPE = YES_ERROR;
				GCC_WARN_UNDECLARED_SELECTOR = YES;
				GCC_WARN_UNINITIALIZED_AUTOS = YES_AGGRESSIVE;
				GCC_WARN_UNUSED_FUNCTION = YES;
				GCC_WARN_UNUSED_VARIABLE = YES;
				MACOSX_DEPLOYMENT_TARGET = 10.9;
				MTL_ENABLE_DEBUG_INFO = YES;
				ONLY_ACTIVE_ARCH = YES;
				SDKROOT = macosx;
			};
			name = Debug;
		};
		78AB85231ADA18A400722ACE /* Release */ = {
			isa = XCBuildConfiguration;
			buildSettings = {
				ALWAYS_SEARCH_USER_PATHS = NO;
				CLANG_CXX_LANGUAGE_STANDARD = "gnu++0x";
				CLANG_CXX_LIBRARY = "libc++";
				CLANG_ENABLE_MODULES = YES;
				CLANG_ENABLE_OBJC_ARC = YES;
				CLANG_WARN_BOOL_CONVERSION = YES;
				CLANG_WARN_CONSTANT_CONVERSION = YES;
				CLANG_WARN_DIRECT_OBJC_ISA_USAGE = YES_ERROR;
				CLANG_WARN_EMPTY_BODY = YES;
				CLANG_WARN_ENUM_CONVERSION = YES;
				CLANG_WARN_INT_CONVERSION = YES;
				CLANG_WARN_OBJC_ROOT_CLASS = YES_ERROR;
				CLANG_WARN_UNREACHABLE_CODE = YES;
				CLANG_WARN__DUPLICATE_METHOD_MATCH = YES;
				COPY_PHASE_STRIP = NO;
				DEBUG_INFORMATION_FORMAT = "dwarf-with-dsym";
				ENABLE_NS_ASSERTIONS = NO;
				ENABLE_STRICT_OBJC_MSGSEND = YES;
				GCC_C_LANGUAGE_STANDARD = gnu99;
				GCC_WARN_64_TO_32_BIT_CONVERSION = YES;
				GCC_WARN_ABOUT_RETURN_TYPE = YES_ERROR;
				GCC_WARN_UNDECLARED_SELECTOR = YES;
				GCC_WARN_UNINITIALIZED_AUTOS = YES_AGGRESSIVE;
				GCC_WARN_UNUSED_FUNCTION = YES;
				GCC_WARN_UNUSED_VARIABLE = YES;
				MACOSX_DEPLOYMENT_TARGET = 10.9;
				MTL_ENABLE_DEBUG_INFO = NO;
				SDKROOT = macosx;
			};
			name = Release;
		};
		78AB85251ADA18A400722ACE /* Debug */ = {
			isa = XCBuildConfiguration;
			buildSettings = {
				PRODUCT_NAME = "$(TARGET_NAME)";
			};
			name = Debug;
		};
		78AB85261ADA18A400722ACE /* Release */ = {
			isa = XCBuildConfiguration;
			buildSettings = {
				PRODUCT_NAME = "$(TARGET_NAME)";
			};
			name = Release;
		};
/* End XCBuildConfiguration section */

/* Begin XCConfigurationList section */
		78AB85181ADA18A400722ACE /* Build configuration list for PBXProject "@class" */ = {
			isa = XCConfigurationList;
			buildConfigurations = (
				78AB85221ADA18A400722ACE /* Debug */,
				78AB85231ADA18A400722ACE /* Release */,
			);
			defaultConfigurationIsVisible = 0;
			defaultConfigurationName = Release;
		};
		78AB85241ADA18A400722ACE /* Build configuration list for PBXNativeTarget "@class" */ = {
			isa = XCConfigurationList;
			buildConfigurations = (
				78AB85251ADA18A400722ACE /* Debug */,
				78AB85261ADA18A400722ACE /* Release */,
			);
			defaultConfigurationIsVisible = 0;
		};
/* End XCConfigurationList section */
	};
	rootObject = 78AB85151ADA18A400722ACE /* Project object */;
}
